// !$*UTF8*$!
{
	archiveVersion = 1;
	classes = {
	};
	objectVersion = 46;
	objects = {

/* Begin PBXBuildFile section */
		EE09C79D1D0CDA3500644A69 /* tutorials in Resources */ = {isa = PBXBuildFile; fileRef = EE09C79C1D0CDA3500644A69 /* tutorials */; };
		EE1F04DF1D0F653600A48632 /* tet-cpp-client-master in Resources */ = {isa = PBXBuildFile; fileRef = EE1F04DE1D0F653600A48632 /* tet-cpp-client-master */; };
		EE3F8A0F1CF568BF00FC40F8 /* happyhttp.cpp in Sources */ = {isa = PBXBuildFile; fileRef = EE3F8A061CF568BF00FC40F8 /* happyhttp.cpp */; };
		EE3F8A101CF568BF00FC40F8 /* md5.cpp in Sources */ = {isa = PBXBuildFile; fileRef = EE3F8A081CF568BF00FC40F8 /* md5.cpp */; };
		EE3F8A121CF568BF00FC40F8 /* PEBLHTTP.cpp in Sources */ = {isa = PBXBuildFile; fileRef = EE3F8A0C1CF568BF00FC40F8 /* PEBLHTTP.cpp */; };
		EE5CA0341CF60B33009E2B6C /* Document.m in Sources */ = {isa = PBXBuildFile; fileRef = EE5CA0331CF60B33009E2B6C /* Document.m */; };
		EE62193E1CF5510400A51322 /* Assets.xcassets in Resources */ = {isa = PBXBuildFile; fileRef = EE62193D1CF5510400A51322 /* Assets.xcassets */; };
		EE6219461CF5512900A51322 /* SDL2.framework in Frameworks */ = {isa = PBXBuildFile; fileRef = EE3BD4311CF547FC0023F50A /* SDL2.framework */; };
		EE6219471CF5512900A51322 /* SDL2_gfx.framework in Frameworks */ = {isa = PBXBuildFile; fileRef = EE3BD42D1CF547FC0023F50A /* SDL2_gfx.framework */; };
		EE6219481CF5512900A51322 /* SDL2_image.framework in Frameworks */ = {isa = PBXBuildFile; fileRef = EE3BD42E1CF547FC0023F50A /* SDL2_image.framework */; };
		EE62194C1CF551B900A51322 /* PEBL.cpp in Sources */ = {isa = PBXBuildFile; fileRef = EE62CF43153A6945002C330E /* PEBL.cpp */; };
		EE62194F1CF551B900A51322 /* Evaluator.cpp in Sources */ = {isa = PBXBuildFile; fileRef = EEDFB4681539ECA000D1002D /* Evaluator.cpp */; };
		EE6219511CF551B900A51322 /* FunctionMap.cpp in Sources */ = {isa = PBXBuildFile; fileRef = EEDFB46A1539ECA000D1002D /* FunctionMap.cpp */; };
		EE6219531CF551B900A51322 /* grammar.tab.cpp in Sources */ = {isa = PBXBuildFile; fileRef = EEDFB46C1539ECA000D1002D /* grammar.tab.cpp */; };
		EE6219561CF551B900A51322 /* Loader.cpp in Sources */ = {isa = PBXBuildFile; fileRef = EEDFB4721539ECA000D1002D /* Loader.cpp */; };
		EE6219581CF551B900A51322 /* PComplexData.cpp in Sources */ = {isa = PBXBuildFile; fileRef = EEDFB4741539ECA000D1002D /* PComplexData.cpp */; };
		EE62195A1CF551B900A51322 /* PEBLObject.cpp in Sources */ = {isa = PBXBuildFile; fileRef = EEDFB4771539ECA000D1002D /* PEBLObject.cpp */; };
		EE62195C1CF551B900A51322 /* PList.cpp in Sources */ = {isa = PBXBuildFile; fileRef = EEDFB4791539ECA000D1002D /* PList.cpp */; };
		EE62195E1CF551B900A51322 /* PNode.cpp in Sources */ = {isa = PBXBuildFile; fileRef = EEDFB47B1539ECA000D1002D /* PNode.cpp */; };
		EE6219601CF551B900A51322 /* VariableMap.cpp in Sources */ = {isa = PBXBuildFile; fileRef = EEDFB47D1539ECA000D1002D /* VariableMap.cpp */; };
		EE6219621CF551B900A51322 /* Variant.cpp in Sources */ = {isa = PBXBuildFile; fileRef = EEDFB47F1539ECA000D1002D /* Variant.cpp */; };
		EE6219641CF551B900A51322 /* DeviceState.cpp in Sources */ = {isa = PBXBuildFile; fileRef = EEDFB4841539ECA000D1002D /* DeviceState.cpp */; };
		EE6219661CF551B900A51322 /* PAudioOut.cpp in Sources */ = {isa = PBXBuildFile; fileRef = EEDFB4861539ECA000D1002D /* PAudioOut.cpp */; };
		EE6219681CF551B900A51322 /* PComPort.cpp in Sources */ = {isa = PBXBuildFile; fileRef = EEDFB4881539ECA000D1002D /* PComPort.cpp */; };
		EE62196A1CF551B900A51322 /* PDevice.cpp in Sources */ = {isa = PBXBuildFile; fileRef = EEDFB48A1539ECA000D1002D /* PDevice.cpp */; };
		EE62196C1CF551B900A51322 /* PEvent.cpp in Sources */ = {isa = PBXBuildFile; fileRef = EEDFB48C1539ECA000D1002D /* PEvent.cpp */; };
		EE62196E1CF551B900A51322 /* PEventLoop.cpp in Sources */ = {isa = PBXBuildFile; fileRef = EEDFB48E1539ECA000D1002D /* PEventLoop.cpp */; };
		EE6219701CF551B900A51322 /* PEventQueue.cpp in Sources */ = {isa = PBXBuildFile; fileRef = EEDFB4901539ECA000D1002D /* PEventQueue.cpp */; };
		EE6219721CF551B900A51322 /* PJoystick.cpp in Sources */ = {isa = PBXBuildFile; fileRef = EEDFB4921539ECA000D1002D /* PJoystick.cpp */; };
		EE6219741CF551B900A51322 /* PKeyboard.cpp in Sources */ = {isa = PBXBuildFile; fileRef = EEDFB4941539ECA000D1002D /* PKeyboard.cpp */; };
		EE6219761CF551B900A51322 /* PNetwork.cpp in Sources */ = {isa = PBXBuildFile; fileRef = EEDFB4961539ECA000D1002D /* PNetwork.cpp */; };
		EE6219781CF551B900A51322 /* PParallelPort.cpp in Sources */ = {isa = PBXBuildFile; fileRef = EEDFB4981539ECA000D1002D /* PParallelPort.cpp */; };
		EE62197A1CF551B900A51322 /* PStream.cpp in Sources */ = {isa = PBXBuildFile; fileRef = EEDFB49A1539ECA000D1002D /* PStream.cpp */; };
		EE62197C1CF551B900A51322 /* PTimer.cpp in Sources */ = {isa = PBXBuildFile; fileRef = EEDFB49C1539ECA000D1002D /* PTimer.cpp */; };
		EE62197F1CF551B900A51322 /* PEBLEnvironment.cpp in Sources */ = {isa = PBXBuildFile; fileRef = EEDFB4A01539ECA000D1002D /* PEBLEnvironment.cpp */; };
		EE6219811CF551B900A51322 /* PEBLList.cpp in Sources */ = {isa = PBXBuildFile; fileRef = EEDFB4A21539ECA000D1002D /* PEBLList.cpp */; };
		EE6219831CF551B900A51322 /* PEBLMath.cpp in Sources */ = {isa = PBXBuildFile; fileRef = EEDFB4A41539ECA000D1002D /* PEBLMath.cpp */; };
		EE6219851CF551B900A51322 /* PEBLObjects.cpp in Sources */ = {isa = PBXBuildFile; fileRef = EEDFB4A61539ECA000D1002D /* PEBLObjects.cpp */; };
		EE6219871CF551B900A51322 /* PEBLStream.cpp in Sources */ = {isa = PBXBuildFile; fileRef = EEDFB4A81539ECA000D1002D /* PEBLStream.cpp */; };
		EE6219891CF551B900A51322 /* PEBLString.cpp in Sources */ = {isa = PBXBuildFile; fileRef = EEDFB4AA1539ECA000D1002D /* PEBLString.cpp */; };
		EE62198B1CF551B900A51322 /* PCanvas.cpp in Sources */ = {isa = PBXBuildFile; fileRef = EEDFB4AD1539ECA000D1002D /* PCanvas.cpp */; };
		EE62198D1CF551B900A51322 /* PColor.cpp in Sources */ = {isa = PBXBuildFile; fileRef = EEDFB4AF1539ECA000D1002D /* PColor.cpp */; };
		EE62198F1CF551B900A51322 /* PDrawObject.cpp in Sources */ = {isa = PBXBuildFile; fileRef = EEDFB4B11539ECA000D1002D /* PDrawObject.cpp */; };
		EE6219911CF551B900A51322 /* PEnvironment.cpp in Sources */ = {isa = PBXBuildFile; fileRef = EEDFB4B31539ECA000D1002D /* PEnvironment.cpp */; };
		EE6219931CF551B900A51322 /* PFont.cpp in Sources */ = {isa = PBXBuildFile; fileRef = EEDFB4B51539ECA000D1002D /* PFont.cpp */; };
		EE6219951CF551B900A51322 /* PImageBox.cpp in Sources */ = {isa = PBXBuildFile; fileRef = EEDFB4B71539ECA000D1002D /* PImageBox.cpp */; };
		EE6219971CF551B900A51322 /* PLabel.cpp in Sources */ = {isa = PBXBuildFile; fileRef = EEDFB4B91539ECA000D1002D /* PLabel.cpp */; };
		EE6219991CF551B900A51322 /* PObject.cpp in Sources */ = {isa = PBXBuildFile; fileRef = EEDFB4BB1539ECA000D1002D /* PObject.cpp */; };
		EE62199B1CF551B900A51322 /* PTextBox.cpp in Sources */ = {isa = PBXBuildFile; fileRef = EEDFB4BD1539ECA000D1002D /* PTextBox.cpp */; };
		EE62199D1CF551B900A51322 /* PTextObject.cpp in Sources */ = {isa = PBXBuildFile; fileRef = EEDFB4BF1539ECA000D1002D /* PTextObject.cpp */; };
		EE62199F1CF551B900A51322 /* PWidget.cpp in Sources */ = {isa = PBXBuildFile; fileRef = EEDFB4C11539ECA000D1002D /* PWidget.cpp */; };
		EE6219A11CF551B900A51322 /* PWindow.cpp in Sources */ = {isa = PBXBuildFile; fileRef = EEDFB4C31539ECA000D1002D /* PWindow.cpp */; };
		EE6219A41CF551B900A51322 /* PlatformAudioIn.cpp in Sources */ = {isa = PBXBuildFile; fileRef = EEDFB4CC1539ECA000D1002D /* PlatformAudioIn.cpp */; };
		EE6219A61CF551B900A51322 /* PlatformAudioOut.cpp in Sources */ = {isa = PBXBuildFile; fileRef = EEDFB4CE1539ECA000D1002D /* PlatformAudioOut.cpp */; };
		EE6219A81CF551B900A51322 /* PlatformCanvas.cpp in Sources */ = {isa = PBXBuildFile; fileRef = EEDFB4D01539ECA000D1002D /* PlatformCanvas.cpp */; };
		EE6219AA1CF551B900A51322 /* PlatformDrawObject.cpp in Sources */ = {isa = PBXBuildFile; fileRef = EEDFB4D21539ECA000D1002D /* PlatformDrawObject.cpp */; };
		EE6219AC1CF551B900A51322 /* PlatformEnvironment.cpp in Sources */ = {isa = PBXBuildFile; fileRef = EEDFB4D41539ECA000D1002D /* PlatformEnvironment.cpp */; };
		EE6219AE1CF551B900A51322 /* PlatformEventQueue.cpp in Sources */ = {isa = PBXBuildFile; fileRef = EEDFB4D61539ECA000D1002D /* PlatformEventQueue.cpp */; };
		EE6219B01CF551B900A51322 /* PlatformFont.cpp in Sources */ = {isa = PBXBuildFile; fileRef = EEDFB4D81539ECA000D1002D /* PlatformFont.cpp */; };
		EE6219B21CF551B900A51322 /* PlatformImageBox.cpp in Sources */ = {isa = PBXBuildFile; fileRef = EEDFB4DA1539ECA000D1002D /* PlatformImageBox.cpp */; };
		EE6219B41CF551B900A51322 /* PlatformJoystick.cpp in Sources */ = {isa = PBXBuildFile; fileRef = EEDFB4DC1539ECA000D1002D /* PlatformJoystick.cpp */; };
		EE6219B61CF551B900A51322 /* PlatformKeyboard.cpp in Sources */ = {isa = PBXBuildFile; fileRef = EEDFB4DE1539ECA000D1002D /* PlatformKeyboard.cpp */; };
		EE6219B81CF551B900A51322 /* PlatformLabel.cpp in Sources */ = {isa = PBXBuildFile; fileRef = EEDFB4E01539ECA000D1002D /* PlatformLabel.cpp */; };
		EE6219BA1CF551B900A51322 /* PlatformNetwork.cpp in Sources */ = {isa = PBXBuildFile; fileRef = EEDFB4E21539ECA000D1002D /* PlatformNetwork.cpp */; };
		EE6219BC1CF551B900A51322 /* PlatformTextBox.cpp in Sources */ = {isa = PBXBuildFile; fileRef = EEDFB4E41539ECA000D1002D /* PlatformTextBox.cpp */; };
		EE6219BE1CF551B900A51322 /* PlatformTimer.cpp in Sources */ = {isa = PBXBuildFile; fileRef = EEDFB4E61539ECA000D1002D /* PlatformTimer.cpp */; };
		EE6219C01CF551B900A51322 /* PlatformWidget.cpp in Sources */ = {isa = PBXBuildFile; fileRef = EEDFB4E81539ECA000D1002D /* PlatformWidget.cpp */; };
		EE6219C21CF551B900A51322 /* PlatformWindow.cpp in Sources */ = {isa = PBXBuildFile; fileRef = EEDFB4EA1539ECA000D1002D /* PlatformWindow.cpp */; };
		EE6219C51CF551B900A51322 /* SDLUtility.cpp in Sources */ = {isa = PBXBuildFile; fileRef = EEDFB4ED1539ECA000D1002D /* SDLUtility.cpp */; };
		EE6219C71CF551B900A51322 /* BinReloc.cpp in Sources */ = {isa = PBXBuildFile; fileRef = EEDFB4FD1539ECA000D1002D /* BinReloc.cpp */; };
		EE6219C91CF551B900A51322 /* PEBLPath.cpp in Sources */ = {isa = PBXBuildFile; fileRef = EEDFB4FF1539ECA000D1002D /* PEBLPath.cpp */; };
		EE6219CB1CF551BA00A51322 /* PEBLUtility.cpp in Sources */ = {isa = PBXBuildFile; fileRef = EEDFB5011539ECA000D1002D /* PEBLUtility.cpp */; };
		EE6219CD1CF551BA00A51322 /* PError.cpp in Sources */ = {isa = PBXBuildFile; fileRef = EEDFB5031539ECA000D1002D /* PError.cpp */; };
		EE6956BC1CF573530057247D /* PCustomObject.cpp in Sources */ = {isa = PBXBuildFile; fileRef = EE6956BA1CF573530057247D /* PCustomObject.cpp */; };
		EE6956C01CF5D5E60057247D /* battery in Resources */ = {isa = PBXBuildFile; fileRef = EE6956BF1CF5D5E60057247D /* battery */; };
		EE6956C21CF5D5F80057247D /* pebl-lib in Resources */ = {isa = PBXBuildFile; fileRef = EE6956C11CF5D5F80057247D /* pebl-lib */; };
		EE6956C41CF5D6160057247D /* launcher.pbl in Resources */ = {isa = PBXBuildFile; fileRef = EE6956C31CF5D6160057247D /* launcher.pbl */; };
		EE6956C61CF5D62F0057247D /* translatetest.pbl in Resources */ = {isa = PBXBuildFile; fileRef = EE6956C51CF5D62F0057247D /* translatetest.pbl */; };
		EE6956CA1CF5DD490057247D /* lex.yy.cpp in Sources */ = {isa = PBXBuildFile; fileRef = EE6956C91CF5DD490057247D /* lex.yy.cpp */; };
		EE6956CC1CF5DFBF0057247D /* media in Resources */ = {isa = PBXBuildFile; fileRef = EE6956CB1CF5DFBF0057247D /* media */; };
		EE6F5D7C1D0883EB00F8F48B /* demo in Resources */ = {isa = PBXBuildFile; fileRef = EE6F5D7B1D0883EB00F8F48B /* demo */; };
		EE6F5D7E1D08845700F8F48B /* PEBLManual2.0.pdf in Resources */ = {isa = PBXBuildFile; fileRef = EE6F5D7D1D08845700F8F48B /* PEBLManual2.0.pdf */; };
		EE6F5D801D08876100F8F48B /* experiments in Resources */ = {isa = PBXBuildFile; fileRef = EE6F5D7F1D08876100F8F48B /* experiments */; };
		EE7836D71CF681F900C8F5D9 /* pebl.icns in Resources */ = {isa = PBXBuildFile; fileRef = EE6956BD1CF578C00057247D /* pebl.icns */; };
		EE7836DC1CF6910300C8F5D9 /* SDL2.framework in Embed Frameworks */ = {isa = PBXBuildFile; fileRef = EE3BD4311CF547FC0023F50A /* SDL2.framework */; settings = {ATTRIBUTES = (CodeSignOnCopy, RemoveHeadersOnCopy, ); }; };
		EE7836DE1CF6910300C8F5D9 /* SDL2_gfx.framework in Embed Frameworks */ = {isa = PBXBuildFile; fileRef = EE3BD42D1CF547FC0023F50A /* SDL2_gfx.framework */; settings = {ATTRIBUTES = (CodeSignOnCopy, RemoveHeadersOnCopy, ); }; };
		EE7836E01CF6910300C8F5D9 /* SDL2_image.framework in Embed Frameworks */ = {isa = PBXBuildFile; fileRef = EE3BD42E1CF547FC0023F50A /* SDL2_image.framework */; settings = {ATTRIBUTES = (CodeSignOnCopy, RemoveHeadersOnCopy, ); }; };
		EE7836E11CF6910300C8F5D9 /* SDL2_net.framework in Frameworks */ = {isa = PBXBuildFile; fileRef = EE3BD42F1CF547FC0023F50A /* SDL2_net.framework */; };
		EE7836E21CF6910300C8F5D9 /* SDL2_net.framework in Embed Frameworks */ = {isa = PBXBuildFile; fileRef = EE3BD42F1CF547FC0023F50A /* SDL2_net.framework */; settings = {ATTRIBUTES = (CodeSignOnCopy, RemoveHeadersOnCopy, ); }; };
		EE7836E31CF6910300C8F5D9 /* SDL2_ttf.framework in Frameworks */ = {isa = PBXBuildFile; fileRef = EE3BD4301CF547FC0023F50A /* SDL2_ttf.framework */; };
		EE7836E41CF6910300C8F5D9 /* SDL2_ttf.framework in Embed Frameworks */ = {isa = PBXBuildFile; fileRef = EE3BD4301CF547FC0023F50A /* SDL2_ttf.framework */; settings = {ATTRIBUTES = (CodeSignOnCopy, RemoveHeadersOnCopy, ); }; };
		EEA91E1A1D0F845100495D0C /* libboost_thread.a in Frameworks */ = {isa = PBXBuildFile; fileRef = EEA91E191D0F845100495D0C /* libboost_thread.a */; };
		EEA91E1C1D0F869200495D0C /* libboost_system.a in Frameworks */ = {isa = PBXBuildFile; fileRef = EEA91E1B1D0F869200495D0C /* libboost_system.a */; };
		EEAF6B621D0F7EEA00534F58 /* libGazeApiLib.a in Frameworks */ = {isa = PBXBuildFile; fileRef = EEAF6B611D0F7EEA00534F58 /* libGazeApiLib.a */; };
		EEAF6B651D0F7F9200534F58 /* PEyeTracker.cpp in Sources */ = {isa = PBXBuildFile; fileRef = EEAF6B631D0F7F9200534F58 /* PEyeTracker.cpp */; };
/* End PBXBuildFile section */

/* Begin PBXBuildRule section */
		EE7836D91CF68B4800C8F5D9 /* PBXBuildRule */ = {
			isa = PBXBuildRule;
			compilerSpec = com.apple.compilers.proxy.script;
			fileType = text.plist;
			isEditable = 1;
			outputFiles = (
			);
			script = "# builtin-copyPlist\n";
		};
/* End PBXBuildRule section */

/* Begin PBXCopyFilesBuildPhase section */
		EE7836E51CF6910300C8F5D9 /* Embed Frameworks */ = {
			isa = PBXCopyFilesBuildPhase;
			buildActionMask = 2147483647;
			dstPath = "";
			dstSubfolderSpec = 10;
			files = (
				EE7836E01CF6910300C8F5D9 /* SDL2_image.framework in Embed Frameworks */,
				EE7836E21CF6910300C8F5D9 /* SDL2_net.framework in Embed Frameworks */,
				EE7836DC1CF6910300C8F5D9 /* SDL2.framework in Embed Frameworks */,
				EE7836DE1CF6910300C8F5D9 /* SDL2_gfx.framework in Embed Frameworks */,
				EE7836E41CF6910300C8F5D9 /* SDL2_ttf.framework in Embed Frameworks */,
			);
			name = "Embed Frameworks";
			runOnlyForDeploymentPostprocessing = 0;
		};
/* End PBXCopyFilesBuildPhase section */

/* Begin PBXFileReference section */
		EE09C79C1D0CDA3500644A69 /* tutorials */ = {isa = PBXFileReference; lastKnownFileType = folder; name = tutorials; path = ../../tutorials; sourceTree = "<group>"; };
		EE1F04DE1D0F653600A48632 /* tet-cpp-client-master */ = {isa = PBXFileReference; lastKnownFileType = folder; name = "tet-cpp-client-master"; path = "../libs/tet-cpp-client-master"; sourceTree = "<group>"; };
		EE3BD42D1CF547FC0023F50A /* SDL2_gfx.framework */ = {isa = PBXFileReference; lastKnownFileType = wrapper.framework; path = SDL2_gfx.framework; sourceTree = "<group>"; };
		EE3BD42E1CF547FC0023F50A /* SDL2_image.framework */ = {isa = PBXFileReference; lastKnownFileType = wrapper.framework; path = SDL2_image.framework; sourceTree = "<group>"; };
		EE3BD42F1CF547FC0023F50A /* SDL2_net.framework */ = {isa = PBXFileReference; lastKnownFileType = wrapper.framework; path = SDL2_net.framework; sourceTree = "<group>"; };
		EE3BD4301CF547FC0023F50A /* SDL2_ttf.framework */ = {isa = PBXFileReference; lastKnownFileType = wrapper.framework; path = SDL2_ttf.framework; sourceTree = "<group>"; };
		EE3BD4311CF547FC0023F50A /* SDL2.framework */ = {isa = PBXFileReference; lastKnownFileType = wrapper.framework; path = SDL2.framework; sourceTree = "<group>"; };
		EE3F8A041CF568BF00FC40F8 /* Defs.h */ = {isa = PBXFileReference; fileEncoding = 4; lastKnownFileType = sourcecode.c.h; path = Defs.h; sourceTree = "<group>"; };
		EE3F8A061CF568BF00FC40F8 /* happyhttp.cpp */ = {isa = PBXFileReference; fileEncoding = 4; lastKnownFileType = sourcecode.cpp.cpp; path = happyhttp.cpp; sourceTree = "<group>"; };
		EE3F8A071CF568BF00FC40F8 /* happyhttp.h */ = {isa = PBXFileReference; fileEncoding = 4; lastKnownFileType = sourcecode.c.h; path = happyhttp.h; sourceTree = "<group>"; };
		EE3F8A081CF568BF00FC40F8 /* md5.cpp */ = {isa = PBXFileReference; fileEncoding = 4; lastKnownFileType = sourcecode.cpp.cpp; path = md5.cpp; sourceTree = "<group>"; };
		EE3F8A091CF568BF00FC40F8 /* md5.h */ = {isa = PBXFileReference; fileEncoding = 4; lastKnownFileType = sourcecode.c.h; path = md5.h; sourceTree = "<group>"; };
		EE3F8A0C1CF568BF00FC40F8 /* PEBLHTTP.cpp */ = {isa = PBXFileReference; fileEncoding = 4; lastKnownFileType = sourcecode.cpp.cpp; path = PEBLHTTP.cpp; sourceTree = "<group>"; };
		EE3F8A0D1CF568BF00FC40F8 /* PEBLHTTP.h */ = {isa = PBXFileReference; fileEncoding = 4; lastKnownFileType = sourcecode.c.h; path = PEBLHTTP.h; sourceTree = "<group>"; };
		EE5CA0321CF60B33009E2B6C /* Document.h */ = {isa = PBXFileReference; fileEncoding = 4; lastKnownFileType = sourcecode.c.h; path = Document.h; sourceTree = "<group>"; };
		EE5CA0331CF60B33009E2B6C /* Document.m */ = {isa = PBXFileReference; fileEncoding = 4; lastKnownFileType = sourcecode.c.objc; path = Document.m; sourceTree = "<group>"; };
		EE62192F1CF5510400A51322 /* PEBL2.app */ = {isa = PBXFileReference; explicitFileType = wrapper.application; includeInIndex = 0; path = PEBL2.app; sourceTree = BUILT_PRODUCTS_DIR; };
		EE62193D1CF5510400A51322 /* Assets.xcassets */ = {isa = PBXFileReference; lastKnownFileType = folder.assetcatalog; path = Assets.xcassets; sourceTree = "<group>"; };
		EE6219421CF5510400A51322 /* Info.plist */ = {isa = PBXFileReference; lastKnownFileType = text.plist.xml; path = Info.plist; sourceTree = "<group>"; };
		EE62CF41153A6945002C330E /* Globals.h */ = {isa = PBXFileReference; fileEncoding = 4; lastKnownFileType = sourcecode.c.h; path = Globals.h; sourceTree = "<group>"; };
		EE62CF43153A6945002C330E /* PEBL.cpp */ = {isa = PBXFileReference; fileEncoding = 4; lastKnownFileType = sourcecode.cpp.cpp; path = PEBL.cpp; sourceTree = "<group>"; };
		EE6956BA1CF573530057247D /* PCustomObject.cpp */ = {isa = PBXFileReference; fileEncoding = 4; lastKnownFileType = sourcecode.cpp.cpp; path = PCustomObject.cpp; sourceTree = "<group>"; };
		EE6956BB1CF573530057247D /* PCustomObject.h */ = {isa = PBXFileReference; fileEncoding = 4; lastKnownFileType = sourcecode.c.h; path = PCustomObject.h; sourceTree = "<group>"; };
		EE6956BD1CF578C00057247D /* pebl.icns */ = {isa = PBXFileReference; lastKnownFileType = image.icns; path = pebl.icns; sourceTree = "<group>"; };
		EE6956BF1CF5D5E60057247D /* battery */ = {isa = PBXFileReference; lastKnownFileType = folder; name = battery; path = ../../battery; sourceTree = "<group>"; };
		EE6956C11CF5D5F80057247D /* pebl-lib */ = {isa = PBXFileReference; lastKnownFileType = folder; name = "pebl-lib"; path = "../../pebl-lib"; sourceTree = "<group>"; };
		EE6956C31CF5D6160057247D /* launcher.pbl */ = {isa = PBXFileReference; fileEncoding = 4; lastKnownFileType = text; name = launcher.pbl; path = ../../bin/launcher.pbl; sourceTree = "<group>"; };
		EE6956C51CF5D62F0057247D /* translatetest.pbl */ = {isa = PBXFileReference; fileEncoding = 4; lastKnownFileType = text; name = translatetest.pbl; path = ../../bin/translatetest.pbl; sourceTree = "<group>"; };
		EE6956C91CF5DD490057247D /* lex.yy.cpp */ = {isa = PBXFileReference; fileEncoding = 4; lastKnownFileType = sourcecode.cpp.cpp; path = lex.yy.cpp; sourceTree = "<group>"; };
		EE6956CB1CF5DFBF0057247D /* media */ = {isa = PBXFileReference; lastKnownFileType = folder; name = media; path = ../../media; sourceTree = "<group>"; };
		EE6F5D7B1D0883EB00F8F48B /* demo */ = {isa = PBXFileReference; lastKnownFileType = folder; name = demo; path = ../../demo; sourceTree = "<group>"; };
		EE6F5D7D1D08845700F8F48B /* PEBLManual2.0.pdf */ = {isa = PBXFileReference; lastKnownFileType = image.pdf; name = PEBLManual2.0.pdf; path = ../../doc/pman/PEBLManual2.0.pdf; sourceTree = "<group>"; };
		EE6F5D7F1D08876100F8F48B /* experiments */ = {isa = PBXFileReference; lastKnownFileType = folder; name = experiments; path = ../../experiments; sourceTree = "<group>"; };
		EEA91E191D0F845100495D0C /* libboost_thread.a */ = {isa = PBXFileReference; lastKnownFileType = archive.ar; name = libboost_thread.a; path = ../../../../../usr/local/lib/libboost_thread.a; sourceTree = "<group>"; };
		EEA91E1B1D0F869200495D0C /* libboost_system.a */ = {isa = PBXFileReference; lastKnownFileType = archive.ar; name = libboost_system.a; path = ../../../../../usr/local/lib/libboost_system.a; sourceTree = "<group>"; };
		EEAF6B611D0F7EEA00534F58 /* libGazeApiLib.a */ = {isa = PBXFileReference; lastKnownFileType = archive.ar; name = libGazeApiLib.a; path = "../libs/tet-cpp-client-master/lib/libGazeApiLib.a"; sourceTree = "<group>"; };
		EEAF6B631D0F7F9200534F58 /* PEyeTracker.cpp */ = {isa = PBXFileReference; fileEncoding = 4; lastKnownFileType = sourcecode.cpp.cpp; path = PEyeTracker.cpp; sourceTree = "<group>"; };
		EEAF6B641D0F7F9200534F58 /* PEyeTracker.h */ = {isa = PBXFileReference; fileEncoding = 4; lastKnownFileType = sourcecode.c.h; path = PEyeTracker.h; sourceTree = "<group>"; };
		EEDFB4491539EA8D00D1002D /* peblTests-Info.plist */ = {isa = PBXFileReference; lastKnownFileType = text.plist.xml; path = "peblTests-Info.plist"; sourceTree = "<group>"; };
		EEDFB44B1539EA8D00D1002D /* en */ = {isa = PBXFileReference; lastKnownFileType = text.plist.strings; name = en; path = en.lproj/InfoPlist.strings; sourceTree = "<group>"; };
		EEDFB44D1539EA8D00D1002D /* peblTests.h */ = {isa = PBXFileReference; lastKnownFileType = sourcecode.c.h; path = peblTests.h; sourceTree = "<group>"; };
		EEDFB44E1539EA8D00D1002D /* peblTests.m */ = {isa = PBXFileReference; lastKnownFileType = sourcecode.c.objc; path = peblTests.m; sourceTree = "<group>"; };
		EEDFB4581539EB4500D1002D /* pebl.icns */ = {isa = PBXFileReference; lastKnownFileType = image.icns; name = pebl.icns; path = ../pebl.icns; sourceTree = "<group>"; };
		EEDFB4681539ECA000D1002D /* Evaluator.cpp */ = {isa = PBXFileReference; fileEncoding = 4; lastKnownFileType = sourcecode.cpp.cpp; path = Evaluator.cpp; sourceTree = "<group>"; };
		EEDFB4691539ECA000D1002D /* Evaluator.h */ = {isa = PBXFileReference; fileEncoding = 4; lastKnownFileType = sourcecode.c.h; path = Evaluator.h; sourceTree = "<group>"; };
		EEDFB46A1539ECA000D1002D /* FunctionMap.cpp */ = {isa = PBXFileReference; fileEncoding = 4; lastKnownFileType = sourcecode.cpp.cpp; path = FunctionMap.cpp; sourceTree = "<group>"; };
		EEDFB46B1539ECA000D1002D /* FunctionMap.h */ = {isa = PBXFileReference; fileEncoding = 4; lastKnownFileType = sourcecode.c.h; path = FunctionMap.h; sourceTree = "<group>"; };
		EEDFB46C1539ECA000D1002D /* grammar.tab.cpp */ = {isa = PBXFileReference; fileEncoding = 4; lastKnownFileType = sourcecode.cpp.cpp; path = grammar.tab.cpp; sourceTree = "<group>"; };
		EEDFB46D1539ECA000D1002D /* grammar.tab.hpp */ = {isa = PBXFileReference; fileEncoding = 4; lastKnownFileType = sourcecode.cpp.h; path = grammar.tab.hpp; sourceTree = "<group>"; };
		EEDFB4721539ECA000D1002D /* Loader.cpp */ = {isa = PBXFileReference; fileEncoding = 4; lastKnownFileType = sourcecode.cpp.cpp; path = Loader.cpp; sourceTree = "<group>"; };
		EEDFB4731539ECA000D1002D /* Loader.h */ = {isa = PBXFileReference; fileEncoding = 4; lastKnownFileType = sourcecode.c.h; path = Loader.h; sourceTree = "<group>"; };
		EEDFB4741539ECA000D1002D /* PComplexData.cpp */ = {isa = PBXFileReference; fileEncoding = 4; lastKnownFileType = sourcecode.cpp.cpp; path = PComplexData.cpp; sourceTree = "<group>"; };
		EEDFB4751539ECA000D1002D /* PComplexData.h */ = {isa = PBXFileReference; fileEncoding = 4; lastKnownFileType = sourcecode.c.h; path = PComplexData.h; sourceTree = "<group>"; };
		EEDFB4771539ECA000D1002D /* PEBLObject.cpp */ = {isa = PBXFileReference; fileEncoding = 4; lastKnownFileType = sourcecode.cpp.cpp; path = PEBLObject.cpp; sourceTree = "<group>"; };
		EEDFB4781539ECA000D1002D /* PEBLObject.h */ = {isa = PBXFileReference; fileEncoding = 4; lastKnownFileType = sourcecode.c.h; path = PEBLObject.h; sourceTree = "<group>"; };
		EEDFB4791539ECA000D1002D /* PList.cpp */ = {isa = PBXFileReference; fileEncoding = 4; lastKnownFileType = sourcecode.cpp.cpp; path = PList.cpp; sourceTree = "<group>"; };
		EEDFB47A1539ECA000D1002D /* PList.h */ = {isa = PBXFileReference; fileEncoding = 4; lastKnownFileType = sourcecode.c.h; path = PList.h; sourceTree = "<group>"; };
		EEDFB47B1539ECA000D1002D /* PNode.cpp */ = {isa = PBXFileReference; fileEncoding = 4; lastKnownFileType = sourcecode.cpp.cpp; path = PNode.cpp; sourceTree = "<group>"; };
		EEDFB47C1539ECA000D1002D /* PNode.h */ = {isa = PBXFileReference; fileEncoding = 4; lastKnownFileType = sourcecode.c.h; path = PNode.h; sourceTree = "<group>"; };
		EEDFB47D1539ECA000D1002D /* VariableMap.cpp */ = {isa = PBXFileReference; fileEncoding = 4; lastKnownFileType = sourcecode.cpp.cpp; path = VariableMap.cpp; sourceTree = "<group>"; };
		EEDFB47E1539ECA000D1002D /* VariableMap.h */ = {isa = PBXFileReference; fileEncoding = 4; lastKnownFileType = sourcecode.c.h; path = VariableMap.h; sourceTree = "<group>"; };
		EEDFB47F1539ECA000D1002D /* Variant.cpp */ = {isa = PBXFileReference; fileEncoding = 4; lastKnownFileType = sourcecode.cpp.cpp; path = Variant.cpp; sourceTree = "<group>"; };
		EEDFB4801539ECA000D1002D /* Variant.h */ = {isa = PBXFileReference; fileEncoding = 4; lastKnownFileType = sourcecode.c.h; path = Variant.h; sourceTree = "<group>"; };
		EEDFB4841539ECA000D1002D /* DeviceState.cpp */ = {isa = PBXFileReference; fileEncoding = 4; lastKnownFileType = sourcecode.cpp.cpp; path = DeviceState.cpp; sourceTree = "<group>"; };
		EEDFB4851539ECA000D1002D /* DeviceState.h */ = {isa = PBXFileReference; fileEncoding = 4; lastKnownFileType = sourcecode.c.h; path = DeviceState.h; sourceTree = "<group>"; };
		EEDFB4861539ECA000D1002D /* PAudioOut.cpp */ = {isa = PBXFileReference; fileEncoding = 4; lastKnownFileType = sourcecode.cpp.cpp; path = PAudioOut.cpp; sourceTree = "<group>"; };
		EEDFB4871539ECA000D1002D /* PAudioOut.h */ = {isa = PBXFileReference; fileEncoding = 4; lastKnownFileType = sourcecode.c.h; path = PAudioOut.h; sourceTree = "<group>"; };
		EEDFB4881539ECA000D1002D /* PComPort.cpp */ = {isa = PBXFileReference; fileEncoding = 4; lastKnownFileType = sourcecode.cpp.cpp; path = PComPort.cpp; sourceTree = "<group>"; };
		EEDFB4891539ECA000D1002D /* PComPort.h */ = {isa = PBXFileReference; fileEncoding = 4; lastKnownFileType = sourcecode.c.h; path = PComPort.h; sourceTree = "<group>"; };
		EEDFB48A1539ECA000D1002D /* PDevice.cpp */ = {isa = PBXFileReference; fileEncoding = 4; lastKnownFileType = sourcecode.cpp.cpp; path = PDevice.cpp; sourceTree = "<group>"; };
		EEDFB48B1539ECA000D1002D /* PDevice.h */ = {isa = PBXFileReference; fileEncoding = 4; lastKnownFileType = sourcecode.c.h; path = PDevice.h; sourceTree = "<group>"; };
		EEDFB48C1539ECA000D1002D /* PEvent.cpp */ = {isa = PBXFileReference; fileEncoding = 4; lastKnownFileType = sourcecode.cpp.cpp; path = PEvent.cpp; sourceTree = "<group>"; };
		EEDFB48D1539ECA000D1002D /* PEvent.h */ = {isa = PBXFileReference; fileEncoding = 4; lastKnownFileType = sourcecode.c.h; path = PEvent.h; sourceTree = "<group>"; };
		EEDFB48E1539ECA000D1002D /* PEventLoop.cpp */ = {isa = PBXFileReference; fileEncoding = 4; lastKnownFileType = sourcecode.cpp.cpp; path = PEventLoop.cpp; sourceTree = "<group>"; };
		EEDFB48F1539ECA000D1002D /* PEventLoop.h */ = {isa = PBXFileReference; fileEncoding = 4; lastKnownFileType = sourcecode.c.h; path = PEventLoop.h; sourceTree = "<group>"; };
		EEDFB4901539ECA000D1002D /* PEventQueue.cpp */ = {isa = PBXFileReference; fileEncoding = 4; lastKnownFileType = sourcecode.cpp.cpp; path = PEventQueue.cpp; sourceTree = "<group>"; };
		EEDFB4911539ECA000D1002D /* PEventQueue.h */ = {isa = PBXFileReference; fileEncoding = 4; lastKnownFileType = sourcecode.c.h; path = PEventQueue.h; sourceTree = "<group>"; };
		EEDFB4921539ECA000D1002D /* PJoystick.cpp */ = {isa = PBXFileReference; fileEncoding = 4; lastKnownFileType = sourcecode.cpp.cpp; path = PJoystick.cpp; sourceTree = "<group>"; };
		EEDFB4931539ECA000D1002D /* PJoystick.h */ = {isa = PBXFileReference; fileEncoding = 4; lastKnownFileType = sourcecode.c.h; path = PJoystick.h; sourceTree = "<group>"; };
		EEDFB4941539ECA000D1002D /* PKeyboard.cpp */ = {isa = PBXFileReference; fileEncoding = 4; lastKnownFileType = sourcecode.cpp.cpp; path = PKeyboard.cpp; sourceTree = "<group>"; };
		EEDFB4951539ECA000D1002D /* PKeyboard.h */ = {isa = PBXFileReference; fileEncoding = 4; lastKnownFileType = sourcecode.c.h; path = PKeyboard.h; sourceTree = "<group>"; };
		EEDFB4961539ECA000D1002D /* PNetwork.cpp */ = {isa = PBXFileReference; fileEncoding = 4; lastKnownFileType = sourcecode.cpp.cpp; path = PNetwork.cpp; sourceTree = "<group>"; };
		EEDFB4971539ECA000D1002D /* PNetwork.h */ = {isa = PBXFileReference; fileEncoding = 4; lastKnownFileType = sourcecode.c.h; path = PNetwork.h; sourceTree = "<group>"; };
		EEDFB4981539ECA000D1002D /* PParallelPort.cpp */ = {isa = PBXFileReference; fileEncoding = 4; lastKnownFileType = sourcecode.cpp.cpp; path = PParallelPort.cpp; sourceTree = "<group>"; };
		EEDFB4991539ECA000D1002D /* PParallelPort.h */ = {isa = PBXFileReference; fileEncoding = 4; lastKnownFileType = sourcecode.c.h; path = PParallelPort.h; sourceTree = "<group>"; };
		EEDFB49A1539ECA000D1002D /* PStream.cpp */ = {isa = PBXFileReference; fileEncoding = 4; lastKnownFileType = sourcecode.cpp.cpp; path = PStream.cpp; sourceTree = "<group>"; };
		EEDFB49B1539ECA000D1002D /* PStream.h */ = {isa = PBXFileReference; fileEncoding = 4; lastKnownFileType = sourcecode.c.h; path = PStream.h; sourceTree = "<group>"; };
		EEDFB49C1539ECA000D1002D /* PTimer.cpp */ = {isa = PBXFileReference; fileEncoding = 4; lastKnownFileType = sourcecode.cpp.cpp; path = PTimer.cpp; sourceTree = "<group>"; };
		EEDFB49D1539ECA000D1002D /* PTimer.h */ = {isa = PBXFileReference; fileEncoding = 4; lastKnownFileType = sourcecode.c.h; path = PTimer.h; sourceTree = "<group>"; };
		EEDFB49F1539ECA000D1002D /* Functions.h */ = {isa = PBXFileReference; fileEncoding = 4; lastKnownFileType = sourcecode.c.h; path = Functions.h; sourceTree = "<group>"; };
		EEDFB4A01539ECA000D1002D /* PEBLEnvironment.cpp */ = {isa = PBXFileReference; fileEncoding = 4; lastKnownFileType = sourcecode.cpp.cpp; path = PEBLEnvironment.cpp; sourceTree = "<group>"; };
		EEDFB4A11539ECA000D1002D /* PEBLEnvironment.h */ = {isa = PBXFileReference; fileEncoding = 4; lastKnownFileType = sourcecode.c.h; path = PEBLEnvironment.h; sourceTree = "<group>"; };
		EEDFB4A21539ECA000D1002D /* PEBLList.cpp */ = {isa = PBXFileReference; fileEncoding = 4; lastKnownFileType = sourcecode.cpp.cpp; path = PEBLList.cpp; sourceTree = "<group>"; };
		EEDFB4A31539ECA000D1002D /* PEBLList.h */ = {isa = PBXFileReference; fileEncoding = 4; lastKnownFileType = sourcecode.c.h; path = PEBLList.h; sourceTree = "<group>"; };
		EEDFB4A41539ECA000D1002D /* PEBLMath.cpp */ = {isa = PBXFileReference; fileEncoding = 4; lastKnownFileType = sourcecode.cpp.cpp; path = PEBLMath.cpp; sourceTree = "<group>"; };
		EEDFB4A51539ECA000D1002D /* PEBLMath.h */ = {isa = PBXFileReference; fileEncoding = 4; lastKnownFileType = sourcecode.c.h; path = PEBLMath.h; sourceTree = "<group>"; };
		EEDFB4A61539ECA000D1002D /* PEBLObjects.cpp */ = {isa = PBXFileReference; fileEncoding = 4; lastKnownFileType = sourcecode.cpp.cpp; path = PEBLObjects.cpp; sourceTree = "<group>"; };
		EEDFB4A71539ECA000D1002D /* PEBLObjects.h */ = {isa = PBXFileReference; fileEncoding = 4; lastKnownFileType = sourcecode.c.h; path = PEBLObjects.h; sourceTree = "<group>"; };
		EEDFB4A81539ECA000D1002D /* PEBLStream.cpp */ = {isa = PBXFileReference; fileEncoding = 4; lastKnownFileType = sourcecode.cpp.cpp; path = PEBLStream.cpp; sourceTree = "<group>"; };
		EEDFB4A91539ECA000D1002D /* PEBLStream.h */ = {isa = PBXFileReference; fileEncoding = 4; lastKnownFileType = sourcecode.c.h; path = PEBLStream.h; sourceTree = "<group>"; };
		EEDFB4AA1539ECA000D1002D /* PEBLString.cpp */ = {isa = PBXFileReference; fileEncoding = 4; lastKnownFileType = sourcecode.cpp.cpp; path = PEBLString.cpp; sourceTree = "<group>"; };
		EEDFB4AB1539ECA000D1002D /* PEBLString.h */ = {isa = PBXFileReference; fileEncoding = 4; lastKnownFileType = sourcecode.c.h; path = PEBLString.h; sourceTree = "<group>"; };
		EEDFB4AD1539ECA000D1002D /* PCanvas.cpp */ = {isa = PBXFileReference; fileEncoding = 4; lastKnownFileType = sourcecode.cpp.cpp; path = PCanvas.cpp; sourceTree = "<group>"; };
		EEDFB4AE1539ECA000D1002D /* PCanvas.h */ = {isa = PBXFileReference; fileEncoding = 4; lastKnownFileType = sourcecode.c.h; path = PCanvas.h; sourceTree = "<group>"; };
		EEDFB4AF1539ECA000D1002D /* PColor.cpp */ = {isa = PBXFileReference; fileEncoding = 4; lastKnownFileType = sourcecode.cpp.cpp; path = PColor.cpp; sourceTree = "<group>"; };
		EEDFB4B01539ECA000D1002D /* PColor.h */ = {isa = PBXFileReference; fileEncoding = 4; lastKnownFileType = sourcecode.c.h; path = PColor.h; sourceTree = "<group>"; };
		EEDFB4B11539ECA000D1002D /* PDrawObject.cpp */ = {isa = PBXFileReference; fileEncoding = 4; lastKnownFileType = sourcecode.cpp.cpp; path = PDrawObject.cpp; sourceTree = "<group>"; };
		EEDFB4B21539ECA000D1002D /* PDrawObject.h */ = {isa = PBXFileReference; fileEncoding = 4; lastKnownFileType = sourcecode.c.h; path = PDrawObject.h; sourceTree = "<group>"; };
		EEDFB4B31539ECA000D1002D /* PEnvironment.cpp */ = {isa = PBXFileReference; fileEncoding = 4; lastKnownFileType = sourcecode.cpp.cpp; path = PEnvironment.cpp; sourceTree = "<group>"; };
		EEDFB4B41539ECA000D1002D /* PEnvironment.h */ = {isa = PBXFileReference; fileEncoding = 4; lastKnownFileType = sourcecode.c.h; path = PEnvironment.h; sourceTree = "<group>"; };
		EEDFB4B51539ECA000D1002D /* PFont.cpp */ = {isa = PBXFileReference; fileEncoding = 4; lastKnownFileType = sourcecode.cpp.cpp; path = PFont.cpp; sourceTree = "<group>"; };
		EEDFB4B61539ECA000D1002D /* PFont.h */ = {isa = PBXFileReference; fileEncoding = 4; lastKnownFileType = sourcecode.c.h; path = PFont.h; sourceTree = "<group>"; };
		EEDFB4B71539ECA000D1002D /* PImageBox.cpp */ = {isa = PBXFileReference; fileEncoding = 4; lastKnownFileType = sourcecode.cpp.cpp; path = PImageBox.cpp; sourceTree = "<group>"; };
		EEDFB4B81539ECA000D1002D /* PImageBox.h */ = {isa = PBXFileReference; fileEncoding = 4; lastKnownFileType = sourcecode.c.h; path = PImageBox.h; sourceTree = "<group>"; };
		EEDFB4B91539ECA000D1002D /* PLabel.cpp */ = {isa = PBXFileReference; fileEncoding = 4; lastKnownFileType = sourcecode.cpp.cpp; path = PLabel.cpp; sourceTree = "<group>"; };
		EEDFB4BA1539ECA000D1002D /* PLabel.h */ = {isa = PBXFileReference; fileEncoding = 4; lastKnownFileType = sourcecode.c.h; path = PLabel.h; sourceTree = "<group>"; };
		EEDFB4BB1539ECA000D1002D /* PObject.cpp */ = {isa = PBXFileReference; fileEncoding = 4; lastKnownFileType = sourcecode.cpp.cpp; path = PObject.cpp; sourceTree = "<group>"; };
		EEDFB4BC1539ECA000D1002D /* PObject.h */ = {isa = PBXFileReference; fileEncoding = 4; lastKnownFileType = sourcecode.c.h; path = PObject.h; sourceTree = "<group>"; };
		EEDFB4BD1539ECA000D1002D /* PTextBox.cpp */ = {isa = PBXFileReference; fileEncoding = 4; lastKnownFileType = sourcecode.cpp.cpp; path = PTextBox.cpp; sourceTree = "<group>"; };
		EEDFB4BE1539ECA000D1002D /* PTextBox.h */ = {isa = PBXFileReference; fileEncoding = 4; lastKnownFileType = sourcecode.c.h; path = PTextBox.h; sourceTree = "<group>"; };
		EEDFB4BF1539ECA000D1002D /* PTextObject.cpp */ = {isa = PBXFileReference; fileEncoding = 4; lastKnownFileType = sourcecode.cpp.cpp; path = PTextObject.cpp; sourceTree = "<group>"; };
		EEDFB4C01539ECA000D1002D /* PTextObject.h */ = {isa = PBXFileReference; fileEncoding = 4; lastKnownFileType = sourcecode.c.h; path = PTextObject.h; sourceTree = "<group>"; };
		EEDFB4C11539ECA000D1002D /* PWidget.cpp */ = {isa = PBXFileReference; fileEncoding = 4; lastKnownFileType = sourcecode.cpp.cpp; path = PWidget.cpp; sourceTree = "<group>"; };
		EEDFB4C21539ECA000D1002D /* PWidget.h */ = {isa = PBXFileReference; fileEncoding = 4; lastKnownFileType = sourcecode.c.h; path = PWidget.h; sourceTree = "<group>"; };
		EEDFB4C31539ECA000D1002D /* PWindow.cpp */ = {isa = PBXFileReference; fileEncoding = 4; lastKnownFileType = sourcecode.cpp.cpp; path = PWindow.cpp; sourceTree = "<group>"; };
		EEDFB4C41539ECA000D1002D /* PWindow.h */ = {isa = PBXFileReference; fileEncoding = 4; lastKnownFileType = sourcecode.c.h; path = PWindow.h; sourceTree = "<group>"; };
		EEDFB4C51539ECA000D1002D /* RGBColorNames.h */ = {isa = PBXFileReference; fileEncoding = 4; lastKnownFileType = sourcecode.c.h; path = RGBColorNames.h; sourceTree = "<group>"; };
		EEDFB4CC1539ECA000D1002D /* PlatformAudioIn.cpp */ = {isa = PBXFileReference; fileEncoding = 4; lastKnownFileType = sourcecode.cpp.cpp; path = PlatformAudioIn.cpp; sourceTree = "<group>"; };
		EEDFB4CD1539ECA000D1002D /* PlatformAudioIn.h */ = {isa = PBXFileReference; fileEncoding = 4; lastKnownFileType = sourcecode.c.h; path = PlatformAudioIn.h; sourceTree = "<group>"; };
		EEDFB4CE1539ECA000D1002D /* PlatformAudioOut.cpp */ = {isa = PBXFileReference; fileEncoding = 4; lastKnownFileType = sourcecode.cpp.cpp; path = PlatformAudioOut.cpp; sourceTree = "<group>"; };
		EEDFB4CF1539ECA000D1002D /* PlatformAudioOut.h */ = {isa = PBXFileReference; fileEncoding = 4; lastKnownFileType = sourcecode.c.h; path = PlatformAudioOut.h; sourceTree = "<group>"; };
		EEDFB4D01539ECA000D1002D /* PlatformCanvas.cpp */ = {isa = PBXFileReference; fileEncoding = 4; lastKnownFileType = sourcecode.cpp.cpp; path = PlatformCanvas.cpp; sourceTree = "<group>"; };
		EEDFB4D11539ECA000D1002D /* PlatformCanvas.h */ = {isa = PBXFileReference; fileEncoding = 4; lastKnownFileType = sourcecode.c.h; path = PlatformCanvas.h; sourceTree = "<group>"; };
		EEDFB4D21539ECA000D1002D /* PlatformDrawObject.cpp */ = {isa = PBXFileReference; fileEncoding = 4; lastKnownFileType = sourcecode.cpp.cpp; path = PlatformDrawObject.cpp; sourceTree = "<group>"; };
		EEDFB4D31539ECA000D1002D /* PlatformDrawObject.h */ = {isa = PBXFileReference; fileEncoding = 4; lastKnownFileType = sourcecode.c.h; path = PlatformDrawObject.h; sourceTree = "<group>"; };
		EEDFB4D41539ECA000D1002D /* PlatformEnvironment.cpp */ = {isa = PBXFileReference; fileEncoding = 4; lastKnownFileType = sourcecode.cpp.cpp; path = PlatformEnvironment.cpp; sourceTree = "<group>"; };
		EEDFB4D51539ECA000D1002D /* PlatformEnvironment.h */ = {isa = PBXFileReference; fileEncoding = 4; lastKnownFileType = sourcecode.c.h; path = PlatformEnvironment.h; sourceTree = "<group>"; };
		EEDFB4D61539ECA000D1002D /* PlatformEventQueue.cpp */ = {isa = PBXFileReference; fileEncoding = 4; lastKnownFileType = sourcecode.cpp.cpp; path = PlatformEventQueue.cpp; sourceTree = "<group>"; };
		EEDFB4D71539ECA000D1002D /* PlatformEventQueue.h */ = {isa = PBXFileReference; fileEncoding = 4; lastKnownFileType = sourcecode.c.h; path = PlatformEventQueue.h; sourceTree = "<group>"; };
		EEDFB4D81539ECA000D1002D /* PlatformFont.cpp */ = {isa = PBXFileReference; fileEncoding = 4; lastKnownFileType = sourcecode.cpp.cpp; path = PlatformFont.cpp; sourceTree = "<group>"; };
		EEDFB4D91539ECA000D1002D /* PlatformFont.h */ = {isa = PBXFileReference; fileEncoding = 4; lastKnownFileType = sourcecode.c.h; path = PlatformFont.h; sourceTree = "<group>"; };
		EEDFB4DA1539ECA000D1002D /* PlatformImageBox.cpp */ = {isa = PBXFileReference; fileEncoding = 4; lastKnownFileType = sourcecode.cpp.cpp; path = PlatformImageBox.cpp; sourceTree = "<group>"; };
		EEDFB4DB1539ECA000D1002D /* PlatformImageBox.h */ = {isa = PBXFileReference; fileEncoding = 4; lastKnownFileType = sourcecode.c.h; path = PlatformImageBox.h; sourceTree = "<group>"; };
		EEDFB4DC1539ECA000D1002D /* PlatformJoystick.cpp */ = {isa = PBXFileReference; fileEncoding = 4; lastKnownFileType = sourcecode.cpp.cpp; path = PlatformJoystick.cpp; sourceTree = "<group>"; };
		EEDFB4DD1539ECA000D1002D /* PlatformJoystick.h */ = {isa = PBXFileReference; fileEncoding = 4; lastKnownFileType = sourcecode.c.h; path = PlatformJoystick.h; sourceTree = "<group>"; };
		EEDFB4DE1539ECA000D1002D /* PlatformKeyboard.cpp */ = {isa = PBXFileReference; fileEncoding = 4; lastKnownFileType = sourcecode.cpp.cpp; path = PlatformKeyboard.cpp; sourceTree = "<group>"; };
		EEDFB4DF1539ECA000D1002D /* PlatformKeyboard.h */ = {isa = PBXFileReference; fileEncoding = 4; lastKnownFileType = sourcecode.c.h; path = PlatformKeyboard.h; sourceTree = "<group>"; };
		EEDFB4E01539ECA000D1002D /* PlatformLabel.cpp */ = {isa = PBXFileReference; fileEncoding = 4; lastKnownFileType = sourcecode.cpp.cpp; path = PlatformLabel.cpp; sourceTree = "<group>"; };
		EEDFB4E11539ECA000D1002D /* PlatformLabel.h */ = {isa = PBXFileReference; fileEncoding = 4; lastKnownFileType = sourcecode.c.h; path = PlatformLabel.h; sourceTree = "<group>"; };
		EEDFB4E21539ECA000D1002D /* PlatformNetwork.cpp */ = {isa = PBXFileReference; fileEncoding = 4; lastKnownFileType = sourcecode.cpp.cpp; path = PlatformNetwork.cpp; sourceTree = "<group>"; };
		EEDFB4E31539ECA000D1002D /* PlatformNetwork.h */ = {isa = PBXFileReference; fileEncoding = 4; lastKnownFileType = sourcecode.c.h; path = PlatformNetwork.h; sourceTree = "<group>"; };
		EEDFB4E41539ECA000D1002D /* PlatformTextBox.cpp */ = {isa = PBXFileReference; fileEncoding = 4; lastKnownFileType = sourcecode.cpp.cpp; path = PlatformTextBox.cpp; sourceTree = "<group>"; };
		EEDFB4E51539ECA000D1002D /* PlatformTextBox.h */ = {isa = PBXFileReference; fileEncoding = 4; lastKnownFileType = sourcecode.c.h; path = PlatformTextBox.h; sourceTree = "<group>"; };
		EEDFB4E61539ECA000D1002D /* PlatformTimer.cpp */ = {isa = PBXFileReference; fileEncoding = 4; lastKnownFileType = sourcecode.cpp.cpp; path = PlatformTimer.cpp; sourceTree = "<group>"; };
		EEDFB4E71539ECA000D1002D /* PlatformTimer.h */ = {isa = PBXFileReference; fileEncoding = 4; lastKnownFileType = sourcecode.c.h; path = PlatformTimer.h; sourceTree = "<group>"; };
		EEDFB4E81539ECA000D1002D /* PlatformWidget.cpp */ = {isa = PBXFileReference; fileEncoding = 4; lastKnownFileType = sourcecode.cpp.cpp; path = PlatformWidget.cpp; sourceTree = "<group>"; };
		EEDFB4E91539ECA000D1002D /* PlatformWidget.h */ = {isa = PBXFileReference; fileEncoding = 4; lastKnownFileType = sourcecode.c.h; path = PlatformWidget.h; sourceTree = "<group>"; };
		EEDFB4EA1539ECA000D1002D /* PlatformWindow.cpp */ = {isa = PBXFileReference; fileEncoding = 4; lastKnownFileType = sourcecode.cpp.cpp; path = PlatformWindow.cpp; sourceTree = "<group>"; };
		EEDFB4EB1539ECA000D1002D /* PlatformWindow.h */ = {isa = PBXFileReference; fileEncoding = 4; lastKnownFileType = sourcecode.c.h; path = PlatformWindow.h; sourceTree = "<group>"; };
		EEDFB4EC1539ECA000D1002D /* readme.txt */ = {isa = PBXFileReference; fileEncoding = 4; lastKnownFileType = text; path = readme.txt; sourceTree = "<group>"; };
		EEDFB4ED1539ECA000D1002D /* SDLUtility.cpp */ = {isa = PBXFileReference; fileEncoding = 4; lastKnownFileType = sourcecode.cpp.cpp; path = SDLUtility.cpp; sourceTree = "<group>"; };
		EEDFB4EE1539ECA000D1002D /* SDLUtility.h */ = {isa = PBXFileReference; fileEncoding = 4; lastKnownFileType = sourcecode.c.h; path = SDLUtility.h; sourceTree = "<group>"; };
		EEDFB4FD1539ECA000D1002D /* BinReloc.cpp */ = {isa = PBXFileReference; fileEncoding = 4; lastKnownFileType = sourcecode.cpp.cpp; path = BinReloc.cpp; sourceTree = "<group>"; };
		EEDFB4FE1539ECA000D1002D /* BinReloc.h */ = {isa = PBXFileReference; fileEncoding = 4; lastKnownFileType = sourcecode.c.h; path = BinReloc.h; sourceTree = "<group>"; };
		EEDFB4FF1539ECA000D1002D /* PEBLPath.cpp */ = {isa = PBXFileReference; fileEncoding = 4; lastKnownFileType = sourcecode.cpp.cpp; path = PEBLPath.cpp; sourceTree = "<group>"; };
		EEDFB5001539ECA000D1002D /* PEBLPath.h */ = {isa = PBXFileReference; fileEncoding = 4; lastKnownFileType = sourcecode.c.h; path = PEBLPath.h; sourceTree = "<group>"; };
		EEDFB5011539ECA000D1002D /* PEBLUtility.cpp */ = {isa = PBXFileReference; fileEncoding = 4; lastKnownFileType = sourcecode.cpp.cpp; path = PEBLUtility.cpp; sourceTree = "<group>"; };
		EEDFB5021539ECA000D1002D /* PEBLUtility.h */ = {isa = PBXFileReference; fileEncoding = 4; lastKnownFileType = sourcecode.c.h; path = PEBLUtility.h; sourceTree = "<group>"; };
		EEDFB5031539ECA000D1002D /* PError.cpp */ = {isa = PBXFileReference; fileEncoding = 4; lastKnownFileType = sourcecode.cpp.cpp; path = PError.cpp; sourceTree = "<group>"; };
		EEDFB5041539ECA000D1002D /* PError.h */ = {isa = PBXFileReference; fileEncoding = 4; lastKnownFileType = sourcecode.c.h; path = PError.h; sourceTree = "<group>"; };
		EEDFB5051539ECA000D1002D /* rc_ptrs.h */ = {isa = PBXFileReference; fileEncoding = 4; lastKnownFileType = sourcecode.c.h; path = rc_ptrs.h; sourceTree = "<group>"; };
		EEDFB5061539ECA000D1002D /* rs232.c */ = {isa = PBXFileReference; fileEncoding = 4; lastKnownFileType = sourcecode.c.c; path = rs232.c; sourceTree = "<group>"; };
		EEDFB5071539ECA000D1002D /* rs232.h */ = {isa = PBXFileReference; fileEncoding = 4; lastKnownFileType = sourcecode.c.h; path = rs232.h; sourceTree = "<group>"; };
/* End PBXFileReference section */

/* Begin PBXFrameworksBuildPhase section */
		EE62192C1CF5510400A51322 /* Frameworks */ = {
			isa = PBXFrameworksBuildPhase;
			buildActionMask = 2147483647;
			files = (
				EEA91E1C1D0F869200495D0C /* libboost_system.a in Frameworks */,
				EEA91E1A1D0F845100495D0C /* libboost_thread.a in Frameworks */,
				EEAF6B621D0F7EEA00534F58 /* libGazeApiLib.a in Frameworks */,
				EE6219461CF5512900A51322 /* SDL2.framework in Frameworks */,
				EE6219471CF5512900A51322 /* SDL2_gfx.framework in Frameworks */,
				EE7836E11CF6910300C8F5D9 /* SDL2_net.framework in Frameworks */,
				EE6219481CF5512900A51322 /* SDL2_image.framework in Frameworks */,
				EE7836E31CF6910300C8F5D9 /* SDL2_ttf.framework in Frameworks */,
			);
			runOnlyForDeploymentPostprocessing = 0;
		};
/* End PBXFrameworksBuildPhase section */

/* Begin PBXGroup section */
		EE1F04D11D0F64D300A48632 /* external-libs */ = {
			isa = PBXGroup;
			children = (
				EE1F04DE1D0F653600A48632 /* tet-cpp-client-master */,
			);
			name = "external-libs";
			sourceTree = "<group>";
		};
		EE6219301CF5510400A51322 /* PEBL2 */ = {
			isa = PBXGroup;
			children = (
				EE09C79C1D0CDA3500644A69 /* tutorials */,
				EE6F5D7F1D08876100F8F48B /* experiments */,
				EE6F5D7B1D0883EB00F8F48B /* demo */,
				EEDFB4581539EB4500D1002D /* pebl.icns */,
				EE5CA0321CF60B33009E2B6C /* Document.h */,
				EE5CA0331CF60B33009E2B6C /* Document.m */,
				EE6956C31CF5D6160057247D /* launcher.pbl */,
				EE6956C51CF5D62F0057247D /* translatetest.pbl */,
				EE6F5D7D1D08845700F8F48B /* PEBLManual2.0.pdf */,
				EE6956CB1CF5DFBF0057247D /* media */,
				EE6956C11CF5D5F80057247D /* pebl-lib */,
				EE6956BF1CF5D5E60057247D /* battery */,
				EE62193D1CF5510400A51322 /* Assets.xcassets */,
				EE6219421CF5510400A51322 /* Info.plist */,
				EE6219341CF5510400A51322 /* Supporting Files */,
			);
			path = PEBL2;
			sourceTree = "<group>";
		};
		EE6219341CF5510400A51322 /* Supporting Files */ = {
			isa = PBXGroup;
			children = (
			);
			name = "Supporting Files";
			sourceTree = "<group>";
		};
		EE62CF40153A6945002C330E /* apps */ = {
			isa = PBXGroup;
			children = (
				EE62CF41153A6945002C330E /* Globals.h */,
				EE62CF43153A6945002C330E /* PEBL.cpp */,
			);
			name = apps;
			path = ../src/apps;
			sourceTree = "<group>";
		};
		EEDFB4151539EA8C00D1002D = {
			isa = PBXGroup;
			children = (
				EE1F04D11D0F64D300A48632 /* external-libs */,
				EE6956BD1CF578C00057247D /* pebl.icns */,
				EE62CF40153A6945002C330E /* apps */,
				EEDFB4671539ECA000D1002D /* base */,
				EEDFB4831539ECA000D1002D /* devices */,
				EEDFB49E1539ECA000D1002D /* libs */,
				EEDFB4AC1539ECA000D1002D /* objects */,
				EEDFB4C61539ECA000D1002D /* platforms */,
				EEDFB4FC1539ECA000D1002D /* utility */,
				EEDFB4471539EA8D00D1002D /* peblTests */,
				EE6219301CF5510400A51322 /* PEBL2 */,
				EEDFB4231539EA8D00D1002D /* Frameworks */,
				EEDFB4211539EA8C00D1002D /* Products */,
			);
			sourceTree = "<group>";
		};
		EEDFB4211539EA8C00D1002D /* Products */ = {
			isa = PBXGroup;
			children = (
				EE62192F1CF5510400A51322 /* PEBL2.app */,
			);
			name = Products;
			sourceTree = "<group>";
		};
		EEDFB4231539EA8D00D1002D /* Frameworks */ = {
			isa = PBXGroup;
			children = (
				EEA91E1B1D0F869200495D0C /* libboost_system.a */,
				EEA91E191D0F845100495D0C /* libboost_thread.a */,
				EEAF6B611D0F7EEA00534F58 /* libGazeApiLib.a */,
				EE3BD4311CF547FC0023F50A /* SDL2.framework */,
				EE3BD42D1CF547FC0023F50A /* SDL2_gfx.framework */,
				EE3BD42E1CF547FC0023F50A /* SDL2_image.framework */,
				EE3BD42F1CF547FC0023F50A /* SDL2_net.framework */,
				EE3BD4301CF547FC0023F50A /* SDL2_ttf.framework */,
				EEDFB4261539EA8D00D1002D /* Other Frameworks */,
			);
			name = Frameworks;
			sourceTree = "<group>";
		};
		EEDFB4261539EA8D00D1002D /* Other Frameworks */ = {
			isa = PBXGroup;
			children = (
			);
			name = "Other Frameworks";
			sourceTree = "<group>";
		};
		EEDFB4471539EA8D00D1002D /* peblTests */ = {
			isa = PBXGroup;
			children = (
				EEDFB44D1539EA8D00D1002D /* peblTests.h */,
				EEDFB44E1539EA8D00D1002D /* peblTests.m */,
				EEDFB4481539EA8D00D1002D /* Supporting Files */,
			);
			path = peblTests;
			sourceTree = "<group>";
		};
		EEDFB4481539EA8D00D1002D /* Supporting Files */ = {
			isa = PBXGroup;
			children = (
				EEDFB4491539EA8D00D1002D /* peblTests-Info.plist */,
				EEDFB44A1539EA8D00D1002D /* InfoPlist.strings */,
			);
			name = "Supporting Files";
			sourceTree = "<group>";
		};
		EEDFB4671539ECA000D1002D /* base */ = {
			isa = PBXGroup;
			children = (
				EE6956C91CF5DD490057247D /* lex.yy.cpp */,
				EEDFB4681539ECA000D1002D /* Evaluator.cpp */,
				EEDFB4691539ECA000D1002D /* Evaluator.h */,
				EEDFB46A1539ECA000D1002D /* FunctionMap.cpp */,
				EEDFB46B1539ECA000D1002D /* FunctionMap.h */,
				EEDFB46C1539ECA000D1002D /* grammar.tab.cpp */,
				EEDFB46D1539ECA000D1002D /* grammar.tab.hpp */,
				EEDFB4721539ECA000D1002D /* Loader.cpp */,
				EEDFB4731539ECA000D1002D /* Loader.h */,
				EEDFB4741539ECA000D1002D /* PComplexData.cpp */,
				EEDFB4751539ECA000D1002D /* PComplexData.h */,
				EEDFB4771539ECA000D1002D /* PEBLObject.cpp */,
				EEDFB4781539ECA000D1002D /* PEBLObject.h */,
				EEDFB4791539ECA000D1002D /* PList.cpp */,
				EEDFB47A1539ECA000D1002D /* PList.h */,
				EEDFB47B1539ECA000D1002D /* PNode.cpp */,
				EEDFB47C1539ECA000D1002D /* PNode.h */,
				EEDFB47D1539ECA000D1002D /* VariableMap.cpp */,
				EEDFB47E1539ECA000D1002D /* VariableMap.h */,
				EEDFB47F1539ECA000D1002D /* Variant.cpp */,
				EEDFB4801539ECA000D1002D /* Variant.h */,
			);
			name = base;
			path = ../src/base;
			sourceTree = "<group>";
		};
		EEDFB4831539ECA000D1002D /* devices */ = {
			isa = PBXGroup;
			children = (
				EEAF6B631D0F7F9200534F58 /* PEyeTracker.cpp */,
				EEAF6B641D0F7F9200534F58 /* PEyeTracker.h */,
				EEDFB4841539ECA000D1002D /* DeviceState.cpp */,
				EEDFB4851539ECA000D1002D /* DeviceState.h */,
				EEDFB4861539ECA000D1002D /* PAudioOut.cpp */,
				EEDFB4871539ECA000D1002D /* PAudioOut.h */,
				EEDFB4881539ECA000D1002D /* PComPort.cpp */,
				EEDFB4891539ECA000D1002D /* PComPort.h */,
				EEDFB48A1539ECA000D1002D /* PDevice.cpp */,
				EEDFB48B1539ECA000D1002D /* PDevice.h */,
				EEDFB48C1539ECA000D1002D /* PEvent.cpp */,
				EEDFB48D1539ECA000D1002D /* PEvent.h */,
				EEDFB48E1539ECA000D1002D /* PEventLoop.cpp */,
				EEDFB48F1539ECA000D1002D /* PEventLoop.h */,
				EEDFB4901539ECA000D1002D /* PEventQueue.cpp */,
				EEDFB4911539ECA000D1002D /* PEventQueue.h */,
				EEDFB4921539ECA000D1002D /* PJoystick.cpp */,
				EEDFB4931539ECA000D1002D /* PJoystick.h */,
				EEDFB4941539ECA000D1002D /* PKeyboard.cpp */,
				EEDFB4951539ECA000D1002D /* PKeyboard.h */,
				EEDFB4961539ECA000D1002D /* PNetwork.cpp */,
				EEDFB4971539ECA000D1002D /* PNetwork.h */,
				EEDFB4981539ECA000D1002D /* PParallelPort.cpp */,
				EEDFB4991539ECA000D1002D /* PParallelPort.h */,
				EEDFB49A1539ECA000D1002D /* PStream.cpp */,
				EEDFB49B1539ECA000D1002D /* PStream.h */,
				EEDFB49C1539ECA000D1002D /* PTimer.cpp */,
				EEDFB49D1539ECA000D1002D /* PTimer.h */,
			);
			name = devices;
			path = ../src/devices;
			sourceTree = "<group>";
		};
		EEDFB49E1539ECA000D1002D /* libs */ = {
			isa = PBXGroup;
			children = (
				EEDFB49F1539ECA000D1002D /* Functions.h */,
				EEDFB4A01539ECA000D1002D /* PEBLEnvironment.cpp */,
				EEDFB4A11539ECA000D1002D /* PEBLEnvironment.h */,
				EEDFB4A21539ECA000D1002D /* PEBLList.cpp */,
				EEDFB4A31539ECA000D1002D /* PEBLList.h */,
				EEDFB4A41539ECA000D1002D /* PEBLMath.cpp */,
				EEDFB4A51539ECA000D1002D /* PEBLMath.h */,
				EEDFB4A61539ECA000D1002D /* PEBLObjects.cpp */,
				EEDFB4A71539ECA000D1002D /* PEBLObjects.h */,
				EEDFB4A81539ECA000D1002D /* PEBLStream.cpp */,
				EEDFB4A91539ECA000D1002D /* PEBLStream.h */,
				EEDFB4AA1539ECA000D1002D /* PEBLString.cpp */,
				EEDFB4AB1539ECA000D1002D /* PEBLString.h */,
			);
			name = libs;
			path = ../src/libs;
			sourceTree = "<group>";
		};
		EEDFB4AC1539ECA000D1002D /* objects */ = {
			isa = PBXGroup;
			children = (
				EE6956BA1CF573530057247D /* PCustomObject.cpp */,
				EE6956BB1CF573530057247D /* PCustomObject.h */,
				EEDFB4AD1539ECA000D1002D /* PCanvas.cpp */,
				EEDFB4AE1539ECA000D1002D /* PCanvas.h */,
				EEDFB4AF1539ECA000D1002D /* PColor.cpp */,
				EEDFB4B01539ECA000D1002D /* PColor.h */,
				EEDFB4B11539ECA000D1002D /* PDrawObject.cpp */,
				EEDFB4B21539ECA000D1002D /* PDrawObject.h */,
				EEDFB4B31539ECA000D1002D /* PEnvironment.cpp */,
				EEDFB4B41539ECA000D1002D /* PEnvironment.h */,
				EEDFB4B51539ECA000D1002D /* PFont.cpp */,
				EEDFB4B61539ECA000D1002D /* PFont.h */,
				EEDFB4B71539ECA000D1002D /* PImageBox.cpp */,
				EEDFB4B81539ECA000D1002D /* PImageBox.h */,
				EEDFB4B91539ECA000D1002D /* PLabel.cpp */,
				EEDFB4BA1539ECA000D1002D /* PLabel.h */,
				EEDFB4BB1539ECA000D1002D /* PObject.cpp */,
				EEDFB4BC1539ECA000D1002D /* PObject.h */,
				EEDFB4BD1539ECA000D1002D /* PTextBox.cpp */,
				EEDFB4BE1539ECA000D1002D /* PTextBox.h */,
				EEDFB4BF1539ECA000D1002D /* PTextObject.cpp */,
				EEDFB4C01539ECA000D1002D /* PTextObject.h */,
				EEDFB4C11539ECA000D1002D /* PWidget.cpp */,
				EEDFB4C21539ECA000D1002D /* PWidget.h */,
				EEDFB4C31539ECA000D1002D /* PWindow.cpp */,
				EEDFB4C41539ECA000D1002D /* PWindow.h */,
				EEDFB4C51539ECA000D1002D /* RGBColorNames.h */,
			);
			name = objects;
			path = ../src/objects;
			sourceTree = "<group>";
		};
		EEDFB4C61539ECA000D1002D /* platforms */ = {
			isa = PBXGroup;
			children = (
				EEDFB4CB1539ECA000D1002D /* sdl */,
			);
			name = platforms;
			path = ../src/platforms;
			sourceTree = "<group>";
		};
		EEDFB4CB1539ECA000D1002D /* sdl */ = {
			isa = PBXGroup;
			children = (
				EEDFB4CC1539ECA000D1002D /* PlatformAudioIn.cpp */,
				EEDFB4CD1539ECA000D1002D /* PlatformAudioIn.h */,
				EEDFB4CE1539ECA000D1002D /* PlatformAudioOut.cpp */,
				EEDFB4CF1539ECA000D1002D /* PlatformAudioOut.h */,
				EEDFB4D01539ECA000D1002D /* PlatformCanvas.cpp */,
				EEDFB4D11539ECA000D1002D /* PlatformCanvas.h */,
				EEDFB4D21539ECA000D1002D /* PlatformDrawObject.cpp */,
				EEDFB4D31539ECA000D1002D /* PlatformDrawObject.h */,
				EEDFB4D41539ECA000D1002D /* PlatformEnvironment.cpp */,
				EEDFB4D51539ECA000D1002D /* PlatformEnvironment.h */,
				EEDFB4D61539ECA000D1002D /* PlatformEventQueue.cpp */,
				EEDFB4D71539ECA000D1002D /* PlatformEventQueue.h */,
				EEDFB4D81539ECA000D1002D /* PlatformFont.cpp */,
				EEDFB4D91539ECA000D1002D /* PlatformFont.h */,
				EEDFB4DA1539ECA000D1002D /* PlatformImageBox.cpp */,
				EEDFB4DB1539ECA000D1002D /* PlatformImageBox.h */,
				EEDFB4DC1539ECA000D1002D /* PlatformJoystick.cpp */,
				EEDFB4DD1539ECA000D1002D /* PlatformJoystick.h */,
				EEDFB4DE1539ECA000D1002D /* PlatformKeyboard.cpp */,
				EEDFB4DF1539ECA000D1002D /* PlatformKeyboard.h */,
				EEDFB4E01539ECA000D1002D /* PlatformLabel.cpp */,
				EEDFB4E11539ECA000D1002D /* PlatformLabel.h */,
				EEDFB4E21539ECA000D1002D /* PlatformNetwork.cpp */,
				EEDFB4E31539ECA000D1002D /* PlatformNetwork.h */,
				EEDFB4E41539ECA000D1002D /* PlatformTextBox.cpp */,
				EEDFB4E51539ECA000D1002D /* PlatformTextBox.h */,
				EEDFB4E61539ECA000D1002D /* PlatformTimer.cpp */,
				EEDFB4E71539ECA000D1002D /* PlatformTimer.h */,
				EEDFB4E81539ECA000D1002D /* PlatformWidget.cpp */,
				EEDFB4E91539ECA000D1002D /* PlatformWidget.h */,
				EEDFB4EA1539ECA000D1002D /* PlatformWindow.cpp */,
				EEDFB4EB1539ECA000D1002D /* PlatformWindow.h */,
				EEDFB4EC1539ECA000D1002D /* readme.txt */,
				EEDFB4ED1539ECA000D1002D /* SDLUtility.cpp */,
				EEDFB4EE1539ECA000D1002D /* SDLUtility.h */,
			);
			path = sdl;
			sourceTree = "<group>";
		};
		EEDFB4FC1539ECA000D1002D /* utility */ = {
			isa = PBXGroup;
			children = (
				EE3F8A041CF568BF00FC40F8 /* Defs.h */,
				EE3F8A061CF568BF00FC40F8 /* happyhttp.cpp */,
				EE3F8A071CF568BF00FC40F8 /* happyhttp.h */,
				EE3F8A081CF568BF00FC40F8 /* md5.cpp */,
				EE3F8A091CF568BF00FC40F8 /* md5.h */,
				EE3F8A0C1CF568BF00FC40F8 /* PEBLHTTP.cpp */,
				EE3F8A0D1CF568BF00FC40F8 /* PEBLHTTP.h */,
				EEDFB4FD1539ECA000D1002D /* BinReloc.cpp */,
				EEDFB4FE1539ECA000D1002D /* BinReloc.h */,
				EEDFB4FF1539ECA000D1002D /* PEBLPath.cpp */,
				EEDFB5001539ECA000D1002D /* PEBLPath.h */,
				EEDFB5011539ECA000D1002D /* PEBLUtility.cpp */,
				EEDFB5021539ECA000D1002D /* PEBLUtility.h */,
				EEDFB5031539ECA000D1002D /* PError.cpp */,
				EEDFB5041539ECA000D1002D /* PError.h */,
				EEDFB5051539ECA000D1002D /* rc_ptrs.h */,
				EEDFB5061539ECA000D1002D /* rs232.c */,
				EEDFB5071539ECA000D1002D /* rs232.h */,
			);
			name = utility;
			path = ../src/utility;
			sourceTree = "<group>";
		};
/* End PBXGroup section */

/* Begin PBXNativeTarget section */
		EE62192E1CF5510400A51322 /* PEBL2 */ = {
			isa = PBXNativeTarget;
			buildConfigurationList = EE6219431CF5510400A51322 /* Build configuration list for PBXNativeTarget "PEBL2" */;
			buildPhases = (
				EE62192B1CF5510400A51322 /* Sources */,
				EE62192C1CF5510400A51322 /* Frameworks */,
				EE62192D1CF5510400A51322 /* Resources */,
				EE7836E51CF6910300C8F5D9 /* Embed Frameworks */,
			);
			buildRules = (
				EE7836D91CF68B4800C8F5D9 /* PBXBuildRule */,
			);
			dependencies = (
			);
			name = PEBL2;
			productName = PEBL2;
			productReference = EE62192F1CF5510400A51322 /* PEBL2.app */;
			productType = "com.apple.product-type.application";
		};
/* End PBXNativeTarget section */

/* Begin PBXProject section */
		EEDFB4171539EA8C00D1002D /* Project object */ = {
			isa = PBXProject;
			attributes = {
				LastUpgradeCheck = 0730;
				TargetAttributes = {
					EE62192E1CF5510400A51322 = {
						CreatedOnToolsVersion = 7.3;
					};
				};
			};
			buildConfigurationList = EEDFB41A1539EA8C00D1002D /* Build configuration list for PBXProject "pebl" */;
			compatibilityVersion = "Xcode 3.2";
			developmentRegion = English;
			hasScannedForEncodings = 0;
			knownRegions = (
				en,
				Base,
			);
			mainGroup = EEDFB4151539EA8C00D1002D;
			productRefGroup = EEDFB4211539EA8C00D1002D /* Products */;
			projectDirPath = "";
			projectRoot = "";
			targets = (
				EE62192E1CF5510400A51322 /* PEBL2 */,
			);
		};
/* End PBXProject section */

/* Begin PBXResourcesBuildPhase section */
		EE62192D1CF5510400A51322 /* Resources */ = {
			isa = PBXResourcesBuildPhase;
			buildActionMask = 2147483647;
			files = (
				EE62193E1CF5510400A51322 /* Assets.xcassets in Resources */,
				EE09C79D1D0CDA3500644A69 /* tutorials in Resources */,
				EE6F5D7C1D0883EB00F8F48B /* demo in Resources */,
				EE6F5D7E1D08845700F8F48B /* PEBLManual2.0.pdf in Resources */,
				EE6956C61CF5D62F0057247D /* translatetest.pbl in Resources */,
				EE6956C01CF5D5E60057247D /* battery in Resources */,
				EE6F5D801D08876100F8F48B /* experiments in Resources */,
				EE1F04DF1D0F653600A48632 /* tet-cpp-client-master in Resources */,
				EE6956C21CF5D5F80057247D /* pebl-lib in Resources */,
				EE6956CC1CF5DFBF0057247D /* media in Resources */,
				EE6956C41CF5D6160057247D /* launcher.pbl in Resources */,
				EE7836D71CF681F900C8F5D9 /* pebl.icns in Resources */,
			);
			runOnlyForDeploymentPostprocessing = 0;
		};
/* End PBXResourcesBuildPhase section */

/* Begin PBXSourcesBuildPhase section */
		EE62192B1CF5510400A51322 /* Sources */ = {
			isa = PBXSourcesBuildPhase;
			buildActionMask = 2147483647;
			files = (
				EE6219531CF551B900A51322 /* grammar.tab.cpp in Sources */,
				EE6956CA1CF5DD490057247D /* lex.yy.cpp in Sources */,
				EE3F8A121CF568BF00FC40F8 /* PEBLHTTP.cpp in Sources */,
				EE62194C1CF551B900A51322 /* PEBL.cpp in Sources */,
				EE62194F1CF551B900A51322 /* Evaluator.cpp in Sources */,
				EE5CA0341CF60B33009E2B6C /* Document.m in Sources */,
				EE6219511CF551B900A51322 /* FunctionMap.cpp in Sources */,
				EE6219561CF551B900A51322 /* Loader.cpp in Sources */,
				EE6219581CF551B900A51322 /* PComplexData.cpp in Sources */,
				EE62195A1CF551B900A51322 /* PEBLObject.cpp in Sources */,
				EE62195C1CF551B900A51322 /* PList.cpp in Sources */,
				EE62195E1CF551B900A51322 /* PNode.cpp in Sources */,
				EE6219601CF551B900A51322 /* VariableMap.cpp in Sources */,
				EE6219621CF551B900A51322 /* Variant.cpp in Sources */,
				EE6219641CF551B900A51322 /* DeviceState.cpp in Sources */,
				EE6219661CF551B900A51322 /* PAudioOut.cpp in Sources */,
				EE6219681CF551B900A51322 /* PComPort.cpp in Sources */,
				EE62196A1CF551B900A51322 /* PDevice.cpp in Sources */,
				EE62196C1CF551B900A51322 /* PEvent.cpp in Sources */,
				EE62196E1CF551B900A51322 /* PEventLoop.cpp in Sources */,
				EE6219701CF551B900A51322 /* PEventQueue.cpp in Sources */,
				EE6956BC1CF573530057247D /* PCustomObject.cpp in Sources */,
				EE6219721CF551B900A51322 /* PJoystick.cpp in Sources */,
				EE6219741CF551B900A51322 /* PKeyboard.cpp in Sources */,
				EE6219761CF551B900A51322 /* PNetwork.cpp in Sources */,
				EE6219781CF551B900A51322 /* PParallelPort.cpp in Sources */,
				EE62197A1CF551B900A51322 /* PStream.cpp in Sources */,
				EE62197C1CF551B900A51322 /* PTimer.cpp in Sources */,
				EE3F8A101CF568BF00FC40F8 /* md5.cpp in Sources */,
				EE62197F1CF551B900A51322 /* PEBLEnvironment.cpp in Sources */,
				EE6219811CF551B900A51322 /* PEBLList.cpp in Sources */,
				EE6219831CF551B900A51322 /* PEBLMath.cpp in Sources */,
				EE6219851CF551B900A51322 /* PEBLObjects.cpp in Sources */,
				EE6219871CF551B900A51322 /* PEBLStream.cpp in Sources */,
				EE6219891CF551B900A51322 /* PEBLString.cpp in Sources */,
				EEAF6B651D0F7F9200534F58 /* PEyeTracker.cpp in Sources */,
				EE62198B1CF551B900A51322 /* PCanvas.cpp in Sources */,
				EE62198D1CF551B900A51322 /* PColor.cpp in Sources */,
				EE62198F1CF551B900A51322 /* PDrawObject.cpp in Sources */,
				EE6219911CF551B900A51322 /* PEnvironment.cpp in Sources */,
				EE6219931CF551B900A51322 /* PFont.cpp in Sources */,
				EE6219951CF551B900A51322 /* PImageBox.cpp in Sources */,
				EE6219971CF551B900A51322 /* PLabel.cpp in Sources */,
				EE6219991CF551B900A51322 /* PObject.cpp in Sources */,
				EE62199B1CF551B900A51322 /* PTextBox.cpp in Sources */,
				EE62199D1CF551B900A51322 /* PTextObject.cpp in Sources */,
				EE62199F1CF551B900A51322 /* PWidget.cpp in Sources */,
				EE6219A11CF551B900A51322 /* PWindow.cpp in Sources */,
				EE6219A41CF551B900A51322 /* PlatformAudioIn.cpp in Sources */,
				EE6219A61CF551B900A51322 /* PlatformAudioOut.cpp in Sources */,
				EE6219A81CF551B900A51322 /* PlatformCanvas.cpp in Sources */,
				EE6219AA1CF551B900A51322 /* PlatformDrawObject.cpp in Sources */,
				EE6219AC1CF551B900A51322 /* PlatformEnvironment.cpp in Sources */,
				EE6219AE1CF551B900A51322 /* PlatformEventQueue.cpp in Sources */,
				EE6219B01CF551B900A51322 /* PlatformFont.cpp in Sources */,
				EE3F8A0F1CF568BF00FC40F8 /* happyhttp.cpp in Sources */,
				EE6219B21CF551B900A51322 /* PlatformImageBox.cpp in Sources */,
				EE6219B41CF551B900A51322 /* PlatformJoystick.cpp in Sources */,
				EE6219B61CF551B900A51322 /* PlatformKeyboard.cpp in Sources */,
				EE6219B81CF551B900A51322 /* PlatformLabel.cpp in Sources */,
				EE6219BA1CF551B900A51322 /* PlatformNetwork.cpp in Sources */,
				EE6219BC1CF551B900A51322 /* PlatformTextBox.cpp in Sources */,
				EE6219BE1CF551B900A51322 /* PlatformTimer.cpp in Sources */,
				EE6219C01CF551B900A51322 /* PlatformWidget.cpp in Sources */,
				EE6219C21CF551B900A51322 /* PlatformWindow.cpp in Sources */,
				EE6219C51CF551B900A51322 /* SDLUtility.cpp in Sources */,
				EE6219C71CF551B900A51322 /* BinReloc.cpp in Sources */,
				EE6219C91CF551B900A51322 /* PEBLPath.cpp in Sources */,
				EE6219CB1CF551BA00A51322 /* PEBLUtility.cpp in Sources */,
				EE6219CD1CF551BA00A51322 /* PError.cpp in Sources */,
			);
			runOnlyForDeploymentPostprocessing = 0;
		};
/* End PBXSourcesBuildPhase section */

/* Begin PBXVariantGroup section */
		EEDFB44A1539EA8D00D1002D /* InfoPlist.strings */ = {
			isa = PBXVariantGroup;
			children = (
				EEDFB44B1539EA8D00D1002D /* en */,
			);
			name = InfoPlist.strings;
			sourceTree = "<group>";
		};
/* End PBXVariantGroup section */

/* Begin XCBuildConfiguration section */
		EE6219441CF5510400A51322 /* Debug */ = {
			isa = XCBuildConfiguration;
			buildSettings = {
				ASSETCATALOG_COMPILER_APPICON_NAME = AppIcon;
				CLANG_ANALYZER_NONNULL = YES;
				CLANG_CXX_LANGUAGE_STANDARD = "gnu++0x";
				CLANG_CXX_LIBRARY = "libc++";
				CLANG_ENABLE_MODULES = YES;
				CLANG_ENABLE_OBJC_ARC = YES;
				CLANG_USE_OPTIMIZATION_PROFILE = NO;
				CLANG_WARN_BOOL_CONVERSION = YES;
				CLANG_WARN_CONSTANT_CONVERSION = YES;
				CLANG_WARN_DIRECT_OBJC_ISA_USAGE = YES_ERROR;
				CLANG_WARN_EMPTY_BODY = YES;
				CLANG_WARN_ENUM_CONVERSION = YES;
				CLANG_WARN_INT_CONVERSION = YES;
				CLANG_WARN_OBJC_ROOT_CLASS = YES_ERROR;
				CLANG_WARN_UNREACHABLE_CODE = YES;
				CLANG_WARN__DUPLICATE_METHOD_MATCH = YES;
				CODE_SIGN_IDENTITY = "";
				COMBINE_HIDPI_IMAGES = YES;
				CURRENT_PROJECT_VERSION = 2.0;
				DEBUG_INFORMATION_FORMAT = dwarf;
				ENABLE_STRICT_OBJC_MSGSEND = YES;
				FRAMEWORK_SEARCH_PATHS = (
					"$(inherited)",
					"$(PROJECT_DIR)",
					/Library/Frameworks,
				);
				GCC_C_LANGUAGE_STANDARD = gnu99;
				GCC_NO_COMMON_BLOCKS = YES;
				GCC_OPTIMIZATION_LEVEL = fast;
				GCC_PREPROCESSOR_DEFINITIONS = (
					PEBL_OSX,
					PEBL_UNIX,
					PEBL_HTTP,
				);
				"GCC_PREPROCESSOR_DEFINITIONS[arch=*]" = (
					PEBL_OSX,
					PEBL_UNIX,
					PEBL_HTTP,
				);
				GCC_UNROLL_LOOPS = NO;
				GCC_WARN_ABOUT_RETURN_TYPE = YES_ERROR;
				GCC_WARN_UNDECLARED_SELECTOR = YES;
				GCC_WARN_UNINITIALIZED_AUTOS = YES_AGGRESSIVE;
				GCC_WARN_UNUSED_FUNCTION = YES;
				HEADER_SEARCH_PATHS = (
					"/Library/Frameworks/SDL2.framework/**",
					"/Library/Frameworks/SDL2_ttf.framework/**",
					"/Library/Frameworks/SDL2_image.framework/**",
					"/Library/Frameworks/SDL2_gfx.framework/**",
					"/Library/Frameworks/SDL2_net.framework/**",
					"/Users/smueller/dev/pebl2/libs/tet-cpp-client-master/include",
					"$(PROJECT_DIR)/**",
					/usr/local/include/boost,
				);
				INFOPLIST_FILE = PEBL2/Info.plist;
				LD_RUNPATH_SEARCH_PATHS = "$(inherited) @executable_path/../Frameworks";
				LIBRARY_SEARCH_PATHS = (
					"/Users/smueller/dev/pebl2/libs/tet-cpp-client-master/lib",
					/usr/local/lib,
				);
				MACOSX_DEPLOYMENT_TARGET = 10.7;
				MTL_ENABLE_DEBUG_INFO = YES;
				PRODUCT_BUNDLE_IDENTIFIER = net.obereed.PEBL2;
				PRODUCT_NAME = "$(TARGET_NAME)";
				WARNING_CFLAGS = (
					"-Wno-deprecated-register",
					"-Wno-writable-strings",
				);
			};
			name = Debug;
		};
		EE6219451CF5510400A51322 /* Release */ = {
			isa = XCBuildConfiguration;
			buildSettings = {
				ASSETCATALOG_COMPILER_APPICON_NAME = AppIcon;
				CLANG_ANALYZER_NONNULL = YES;
				CLANG_CXX_LANGUAGE_STANDARD = "gnu++0x";
				CLANG_CXX_LIBRARY = "libc++";
				CLANG_ENABLE_MODULES = YES;
				CLANG_ENABLE_OBJC_ARC = YES;
				CLANG_USE_OPTIMIZATION_PROFILE = NO;
				CLANG_WARN_BOOL_CONVERSION = YES;
				CLANG_WARN_CONSTANT_CONVERSION = YES;
				CLANG_WARN_DIRECT_OBJC_ISA_USAGE = YES_ERROR;
				CLANG_WARN_EMPTY_BODY = YES;
				CLANG_WARN_ENUM_CONVERSION = YES;
				CLANG_WARN_INT_CONVERSION = YES;
				CLANG_WARN_OBJC_ROOT_CLASS = YES_ERROR;
				CLANG_WARN_UNREACHABLE_CODE = YES;
				CLANG_WARN__DUPLICATE_METHOD_MATCH = YES;
				CODE_SIGN_IDENTITY = "";
				COMBINE_HIDPI_IMAGES = YES;
				COPY_PHASE_STRIP = NO;
				CURRENT_PROJECT_VERSION = 2.0;
				ENABLE_NS_ASSERTIONS = NO;
				ENABLE_STRICT_OBJC_MSGSEND = YES;
				FRAMEWORK_SEARCH_PATHS = (
					"$(inherited)",
					"$(PROJECT_DIR)",
					/Library/Frameworks,
				);
				GCC_C_LANGUAGE_STANDARD = gnu99;
				GCC_NO_COMMON_BLOCKS = YES;
				GCC_OPTIMIZATION_LEVEL = fast;
				GCC_PREPROCESSOR_DEFINITIONS = (
					PEBL_OSX,
					PEBL_UNIX,
					PEBL_HTTP,
					PEBL_NETWORK,
					PEBL_GAZELIB,
				);
				GCC_UNROLL_LOOPS = NO;
				GCC_WARN_ABOUT_RETURN_TYPE = YES_ERROR;
				GCC_WARN_UNDECLARED_SELECTOR = YES;
				GCC_WARN_UNINITIALIZED_AUTOS = YES_AGGRESSIVE;
				GCC_WARN_UNUSED_FUNCTION = YES;
				HEADER_SEARCH_PATHS = (
					"/Library/Frameworks/SDL2.framework/**",
					"/Library/Frameworks/SDL2_ttf.framework/**",
					"/Library/Frameworks/SDL2_image.framework/**",
					"/Library/Frameworks/SDL2_gfx.framework/**",
					"/Library/Frameworks/SDL2_net.framework/**",
					"/Users/smueller/dev/pebl2/libs/tet-cpp-client-master/include",
					"$(PROJECT_DIR)/**",
					/usr/local/include/boost,
				);
				INFOPLIST_FILE = PEBL2/Info.plist;
				LD_RUNPATH_SEARCH_PATHS = "$(inherited) @executable_path/../Frameworks";
				LIBRARY_SEARCH_PATHS = (
					"/Users/smueller/dev/pebl2/libs/tet-cpp-client-master/lib",
					/usr/local/lib,
				);
				MACOSX_DEPLOYMENT_TARGET = 10.7;
				MTL_ENABLE_DEBUG_INFO = NO;
				PRODUCT_BUNDLE_IDENTIFIER = net.obereed.PEBL2;
				PRODUCT_NAME = "$(TARGET_NAME)";
				WARNING_CFLAGS = (
					"-Wno-deprecated-register",
					"-Wno-writable-strings",
				);
			};
			name = Release;
		};
		EEDFB4501539EA8D00D1002D /* Debug */ = {
			isa = XCBuildConfiguration;
			buildSettings = {
				ALWAYS_SEARCH_USER_PATHS = NO;
				CLANG_CXX_LANGUAGE_STANDARD = "compiler-default";
				CLANG_CXX_LIBRARY = "libc++";
				CLANG_USE_OPTIMIZATION_PROFILE = NO;
				COPY_PHASE_STRIP = NO;
				ENABLE_TESTABILITY = YES;
				GCC_C_LANGUAGE_STANDARD = "compiler-default";
				GCC_DYNAMIC_NO_PIC = NO;
				GCC_ENABLE_OBJC_EXCEPTIONS = NO;
				GCC_OPTIMIZATION_LEVEL = fast;
				GCC_PREPROCESSOR_DEFINITIONS = (
					"DEBUG=1",
					"$(inherited)",
				);
				GCC_SYMBOLS_PRIVATE_EXTERN = NO;
				GCC_UNROLL_LOOPS = NO;
				GCC_VERSION = "";
				GCC_WARN_64_TO_32_BIT_CONVERSION = YES;
				GCC_WARN_ABOUT_RETURN_TYPE = YES;
				GCC_WARN_UNINITIALIZED_AUTOS = YES;
				GCC_WARN_UNUSED_VARIABLE = YES;
				HEADER_SEARCH_PATHS = "";
				MACOSX_DEPLOYMENT_TARGET = 10.7;
				ONLY_ACTIVE_ARCH = YES;
				PRODUCT_NAME = PEBL2;
				SDKROOT = macosx;
				WARNING_CFLAGS = (
					"-Wno-deprecated-register",
					"-Wno-writable-strings",
				);
			};
			name = Debug;
		};
		EEDFB4511539EA8D00D1002D /* Release */ = {
			isa = XCBuildConfiguration;
			buildSettings = {
				ALWAYS_SEARCH_USER_PATHS = NO;
				CLANG_CXX_LANGUAGE_STANDARD = "compiler-default";
				CLANG_CXX_LIBRARY = "libc++";
				CLANG_USE_OPTIMIZATION_PROFILE = NO;
				COPY_PHASE_STRIP = YES;
				DEBUG_INFORMATION_FORMAT = "dwarf-with-dsym";
				GCC_C_LANGUAGE_STANDARD = "compiler-default";
				GCC_ENABLE_OBJC_EXCEPTIONS = NO;
				GCC_OPTIMIZATION_LEVEL = fast;
				GCC_UNROLL_LOOPS = NO;
				GCC_VERSION = "";
				GCC_WARN_64_TO_32_BIT_CONVERSION = YES;
				GCC_WARN_ABOUT_RETURN_TYPE = YES;
				GCC_WARN_UNINITIALIZED_AUTOS = YES;
				GCC_WARN_UNUSED_VARIABLE = YES;
				HEADER_SEARCH_PATHS = "";
				MACOSX_DEPLOYMENT_TARGET = 10.7;
				ONLY_ACTIVE_ARCH = YES;
				PRODUCT_NAME = PEBL2;
				SDKROOT = macosx;
				WARNING_CFLAGS = (
					"-Wno-deprecated-register",
					"-Wno-writable-strings",
				);
			};
			name = Release;
		};
/* End XCBuildConfiguration section */

/* Begin XCConfigurationList section */
		EE6219431CF5510400A51322 /* Build configuration list for PBXNativeTarget "PEBL2" */ = {
			isa = XCConfigurationList;
			buildConfigurations = (
				EE6219441CF5510400A51322 /* Debug */,
				EE6219451CF5510400A51322 /* Release */,
			);
			defaultConfigurationIsVisible = 0;
			defaultConfigurationName = Release;
		};
		EEDFB41A1539EA8C00D1002D /* Build configuration list for PBXProject "pebl" */ = {
			isa = XCConfigurationList;
			buildConfigurations = (
				EEDFB4501539EA8D00D1002D /* Debug */,
				EEDFB4511539EA8D00D1002D /* Release */,
			);
			defaultConfigurationIsVisible = 0;
			defaultConfigurationName = Release;
		};
/* End XCConfigurationList section */
	};
	rootObject = EEDFB4171539EA8C00D1002D /* Project object */;
}
